<?xml version="1.0" encoding="utf-8"?>
<Project ToolsVersion="4.0" xmlns="http://schemas.microsoft.com/developer/msbuild/2003">
  <ItemGroup>
    <Filter Include="win32">
      <UniqueIdentifier>{84a8ebd7-7cf0-47f6-b75e-d441df67da40}</UniqueIdentifier>
    </Filter>
    <Filter Include="resource">
      <UniqueIdentifier>{715254bc-d70b-4ec5-bf29-467dd3ace079}</UniqueIdentifier>
    </Filter>
    <Filter Include="src">
      <UniqueIdentifier>{bb6c862e-70e9-49d9-81b7-3829a6f50471}</UniqueIdentifier>
    </Filter>
  </ItemGroup>
  <ItemGroup>
    <ClCompile Include="main.cpp">
      <Filter>win32</Filter>
    </ClCompile>
    <ClCompile Include="..\Classes\AppDelegate.cpp">
      <Filter>src</Filter>
    </ClCompile>
    <ClCompile Include="..\Classes\GameField.cpp">
      <Filter>src</Filter>
    </ClCompile>
    <ClCompile Include="..\Classes\GameInfo.cpp">
      <Filter>src</Filter>
    </ClCompile>
    <ClCompile Include="..\Classes\GameplayObjects.cpp">
      <Filter>src</Filter>
    </ClCompile>
    <ClCompile Include="..\Classes\GameplayObjectsWidgets.cpp">
      <Filter>src</Filter>
    </ClCompile>
    <ClCompile Include="..\Classes\GameScene.cpp">
      <Filter>src</Filter>
    </ClCompile>
    <ClCompile Include="..\Classes\PathSector.cpp">
      <Filter>src</Filter>
    </ClCompile>
    <ClCompile Include="..\Classes\PathSectorWidget.cpp">
      <Filter>src</Filter>
    </ClCompile>
    <ClCompile Include="..\Classes\Utils.cpp">
      <Filter>src</Filter>
    </ClCompile>
    <ClCompile Include="..\Classes\GameInterface.cpp">
      <Filter>src</Filter>
    </ClCompile>
    <ClCompile Include="..\Classes\Hero.cpp">
      <Filter>src</Filter>
    </ClCompile>
    <ClCompile Include="..\Classes\HeroAction.cpp">
      <Filter>src</Filter>
    </ClCompile>
    <ClCompile Include="..\Classes\HeroControlKeyboard.cpp">
      <Filter>src</Filter>
    </ClCompile>
    <ClCompile Include="..\Classes\HeroControlTouch.cpp">
      <Filter>src</Filter>
    </ClCompile>
    <ClCompile Include="..\Classes\HeroWidget.cpp">
      <Filter>src</Filter>
    </ClCompile>
    <ClCompile Include="..\Classes\StaminaBarWidget.cpp">
      <Filter>src</Filter>
    </ClCompile>
    <ClCompile Include="..\Classes\EffectEnemyDeath.cpp">
      <Filter>src</Filter>
    </ClCompile>
    <ClCompile Include="..\Classes\EffectsLayer.cpp">
      <Filter>src</Filter>
    </ClCompile>
    <ClCompile Include="..\Classes\Equipment.cpp">
      <Filter>src</Filter>
    </ClCompile>
    <ClCompile Include="..\Classes\SessionInfo.cpp">
      <Filter>src</Filter>
    </ClCompile>
    <ClCompile Include="..\Classes\Store.cpp">
      <Filter>src</Filter>
    </ClCompile>
    <ClCompile Include="..\Classes\StoreCategoryButton.cpp">
      <Filter>src</Filter>
    </ClCompile>
    <ClCompile Include="..\Classes\StoreInterface.cpp">
      <Filter>src</Filter>
    </ClCompile>
    <ClCompile Include="..\Classes\StoreItemButton.cpp">
      <Filter>src</Filter>
    </ClCompile>
    <ClCompile Include="..\Classes\StoreWeaponWidget.cpp">
      <Filter>src</Filter>
    </ClCompile>
  </ItemGroup>
  <ItemGroup>
    <ClInclude Include="main.h">
      <Filter>win32</Filter>
    </ClInclude>
    <ClInclude Include="..\Classes\AppDelegate.h">
      <Filter>src</Filter>
    </ClInclude>
    <ClInclude Include="..\Classes\GameField.h">
      <Filter>src</Filter>
    </ClInclude>
    <ClInclude Include="..\Classes\GameInfo.h">
      <Filter>src</Filter>
    </ClInclude>
    <ClInclude Include="..\Classes\GameplayObjects.h">
      <Filter>src</Filter>
    </ClInclude>
    <ClInclude Include="..\Classes\GameplayObjectsWidgets.h">
      <Filter>src</Filter>
    </ClInclude>
    <ClInclude Include="..\Classes\GameScene.h">
      <Filter>src</Filter>
    </ClInclude>
    <ClInclude Include="..\Classes\PathSector.h">
      <Filter>src</Filter>
    </ClInclude>
    <ClInclude Include="..\Classes\PathSectorWidget.h">
      <Filter>src</Filter>
    </ClInclude>
    <ClInclude Include="..\Classes\Utils.h">
      <Filter>src</Filter>
    </ClInclude>
    <ClInclude Include="..\Classes\GameInterface.h">
      <Filter>src</Filter>
    </ClInclude>
    <ClInclude Include="..\Classes\Hero.h">
      <Filter>src</Filter>
    </ClInclude>
    <ClInclude Include="..\Classes\HeroAction.h">
      <Filter>src</Filter>
    </ClInclude>
    <ClInclude Include="..\Classes\HeroControlKeyboard.h">
      <Filter>src</Filter>
    </ClInclude>
    <ClInclude Include="..\Classes\HeroControlTouch.h">
      <Filter>src</Filter>
    </ClInclude>
    <ClInclude Include="..\Classes\HeroWidget.h">
      <Filter>src</Filter>
    </ClInclude>
    <ClInclude Include="..\Classes\StaminaBarWidget.h">
      <Filter>src</Filter>
    </ClInclude>
    <ClInclude Include="..\Classes\EffectEnemyDeath.h">
      <Filter>src</Filter>
    </ClInclude>
    <ClInclude Include="..\Classes\EffectsLayer.h">
      <Filter>src</Filter>
    </ClInclude>
    <ClInclude Include="..\Classes\Equipment.h">
      <Filter>src</Filter>
    </ClInclude>
    <ClInclude Include="..\Classes\SessionInfo.h">
      <Filter>src</Filter>
    </ClInclude>
    <ClInclude Include="..\Classes\Store.h">
      <Filter>src</Filter>
    </ClInclude>
    <ClInclude Include="..\Classes\StoreCategoryButton.h">
      <Filter>src</Filter>
    </ClInclude>
    <ClInclude Include="..\Classes\StoreInterface.h">
      <Filter>src</Filter>
    </ClInclude>
    <ClInclude Include="..\Classes\StoreItemButton.h">
      <Filter>src</Filter>
    </ClInclude>
    <ClInclude Include="..\Classes\StoreWeaponWidget.h">
      <Filter>src</Filter>
    </ClInclude>
  </ItemGroup>
  <ItemGroup>
    <ResourceCompile Include="game.rc">
      <Filter>resource</Filter>
    </ResourceCompile>
  </ItemGroup>
</Project>