// !$*UTF8*$!
{
	archiveVersion = 1;
	classes = {
	};
	objectVersion = 46;
	objects = {

/* Begin PBXBuildFile section */
		1AC6FB21180E996B004C840B /* libcocos2d Mac.a in Frameworks */ = {isa = PBXBuildFile; fileRef = 1AC6FAF9180E9839004C840B /* libcocos2d Mac.a */; };
		1AC6FB30180E99EB004C840B /* libcocos2d iOS.a in Frameworks */ = {isa = PBXBuildFile; fileRef = 1AC6FB07180E9839004C840B /* libcocos2d iOS.a */; };
		1D60589F0D05DD5A006BFB54 /* Foundation.framework in Frameworks */ = {isa = PBXBuildFile; fileRef = 1D30AB110D05D00D00671497 /* Foundation.framework */; };
		1DF5F4E00D08C38300B7A737 /* UIKit.framework in Frameworks */ = {isa = PBXBuildFile; fileRef = 1DF5F4DF0D08C38300B7A737 /* UIKit.framework */; };
		288765A50DF7441C002DB57D /* CoreGraphics.framework in Frameworks */ = {isa = PBXBuildFile; fileRef = 288765A40DF7441C002DB57D /* CoreGraphics.framework */; };
		46880B8819C43A87006E1F66 /* AppDelegate.cpp in Sources */ = {isa = PBXBuildFile; fileRef = 46880B8419C43A87006E1F66 /* AppDelegate.cpp */; };
		46880B8919C43A87006E1F66 /* AppDelegate.cpp in Sources */ = {isa = PBXBuildFile; fileRef = 46880B8419C43A87006E1F66 /* AppDelegate.cpp */; };
		503AE0F817EB97AB00D1A890 /* Icon.icns in Resources */ = {isa = PBXBuildFile; fileRef = 503AE0F617EB97AB00D1A890 /* Icon.icns */; };
		503AE10017EB989F00D1A890 /* AppController.mm in Sources */ = {isa = PBXBuildFile; fileRef = 503AE0FB17EB989F00D1A890 /* AppController.mm */; };
		503AE10117EB989F00D1A890 /* main.m in Sources */ = {isa = PBXBuildFile; fileRef = 503AE0FC17EB989F00D1A890 /* main.m */; };
		503AE10217EB989F00D1A890 /* RootViewController.mm in Sources */ = {isa = PBXBuildFile; fileRef = 503AE0FF17EB989F00D1A890 /* RootViewController.mm */; };
		503AE10517EB98FF00D1A890 /* main.cpp in Sources */ = {isa = PBXBuildFile; fileRef = 503AE10317EB98FF00D1A890 /* main.cpp */; };
		503AE11B17EB9C5A00D1A890 /* IOKit.framework in Frameworks */ = {isa = PBXBuildFile; fileRef = 503AE11A17EB9C5A00D1A890 /* IOKit.framework */; };
		5087E76317EB910900C73F5D /* Foundation.framework in Frameworks */ = {isa = PBXBuildFile; fileRef = 1D30AB110D05D00D00671497 /* Foundation.framework */; };
		5087E76717EB910900C73F5D /* libz.dylib in Frameworks */ = {isa = PBXBuildFile; fileRef = BF170DB412928DE900B8313A /* libz.dylib */; };
		5087E76817EB910900C73F5D /* QuartzCore.framework in Frameworks */ = {isa = PBXBuildFile; fileRef = BF1C47EA1293683800B63C5D /* QuartzCore.framework */; };
		5087E76917EB910900C73F5D /* OpenAL.framework in Frameworks */ = {isa = PBXBuildFile; fileRef = D44C620B132DFF330009C878 /* OpenAL.framework */; };
		5087E76A17EB910900C73F5D /* AVFoundation.framework in Frameworks */ = {isa = PBXBuildFile; fileRef = D44C620D132DFF430009C878 /* AVFoundation.framework */; };
		5087E76B17EB910900C73F5D /* AudioToolbox.framework in Frameworks */ = {isa = PBXBuildFile; fileRef = D44C620F132DFF4E0009C878 /* AudioToolbox.framework */; };
		5087E77D17EB970100C73F5D /* Default-568h@2x.png in Resources */ = {isa = PBXBuildFile; fileRef = 5087E77217EB970100C73F5D /* Default-568h@2x.png */; };
		5087E77E17EB970100C73F5D /* Default.png in Resources */ = {isa = PBXBuildFile; fileRef = 5087E77317EB970100C73F5D /* Default.png */; };
		5087E77F17EB970100C73F5D /* Default@2x.png in Resources */ = {isa = PBXBuildFile; fileRef = 5087E77417EB970100C73F5D /* Default@2x.png */; };
		5087E78017EB970100C73F5D /* Icon-114.png in Resources */ = {isa = PBXBuildFile; fileRef = 5087E77517EB970100C73F5D /* Icon-114.png */; };
		5087E78117EB970100C73F5D /* Icon-120.png in Resources */ = {isa = PBXBuildFile; fileRef = 5087E77617EB970100C73F5D /* Icon-120.png */; };
		5087E78217EB970100C73F5D /* Icon-144.png in Resources */ = {isa = PBXBuildFile; fileRef = 5087E77717EB970100C73F5D /* Icon-144.png */; };
		5087E78317EB970100C73F5D /* Icon-152.png in Resources */ = {isa = PBXBuildFile; fileRef = 5087E77817EB970100C73F5D /* Icon-152.png */; };
		5087E78417EB970100C73F5D /* Icon-57.png in Resources */ = {isa = PBXBuildFile; fileRef = 5087E77917EB970100C73F5D /* Icon-57.png */; };
		5087E78517EB970100C73F5D /* Icon-72.png in Resources */ = {isa = PBXBuildFile; fileRef = 5087E77A17EB970100C73F5D /* Icon-72.png */; };
		5087E78617EB970100C73F5D /* Icon-76.png in Resources */ = {isa = PBXBuildFile; fileRef = 5087E77B17EB970100C73F5D /* Icon-76.png */; };
		5087E78917EB974C00C73F5D /* AppKit.framework in Frameworks */ = {isa = PBXBuildFile; fileRef = 5087E78817EB974C00C73F5D /* AppKit.framework */; };
		5087E78B17EB975400C73F5D /* OpenGL.framework in Frameworks */ = {isa = PBXBuildFile; fileRef = 5087E78A17EB975400C73F5D /* OpenGL.framework */; };
		50EF629617ECD46A001EB2F8 /* Icon-40.png in Resources */ = {isa = PBXBuildFile; fileRef = 50EF629217ECD46A001EB2F8 /* Icon-40.png */; };
		50EF629717ECD46A001EB2F8 /* Icon-58.png in Resources */ = {isa = PBXBuildFile; fileRef = 50EF629317ECD46A001EB2F8 /* Icon-58.png */; };
		50EF629817ECD46A001EB2F8 /* Icon-80.png in Resources */ = {isa = PBXBuildFile; fileRef = 50EF629417ECD46A001EB2F8 /* Icon-80.png */; };
		50EF629917ECD46A001EB2F8 /* Icon-100.png in Resources */ = {isa = PBXBuildFile; fileRef = 50EF629517ECD46A001EB2F8 /* Icon-100.png */; };
		50EF62A217ECD613001EB2F8 /* Icon-29.png in Resources */ = {isa = PBXBuildFile; fileRef = 50EF62A017ECD613001EB2F8 /* Icon-29.png */; };
		50EF62A317ECD613001EB2F8 /* Icon-50.png in Resources */ = {isa = PBXBuildFile; fileRef = 50EF62A117ECD613001EB2F8 /* Icon-50.png */; };
		521A8E6419F0C34300D177D7 /* Default-667h@2x.png in Resources */ = {isa = PBXBuildFile; fileRef = 521A8E6219F0C34300D177D7 /* Default-667h@2x.png */; };
		521A8E6519F0C34300D177D7 /* Default-736h@3x.png in Resources */ = {isa = PBXBuildFile; fileRef = 521A8E6319F0C34300D177D7 /* Default-736h@3x.png */; };
		52B47A471A53D09C004E4C60 /* Security.framework in Frameworks */ = {isa = PBXBuildFile; fileRef = 52B47A461A53D09B004E4C60 /* Security.framework */; };
		BF171245129291EC00B8313A /* OpenGLES.framework in Frameworks */ = {isa = PBXBuildFile; fileRef = BF170DB012928DE900B8313A /* OpenGLES.framework */; };
		BF1712471292920000B8313A /* libz.dylib in Frameworks */ = {isa = PBXBuildFile; fileRef = BF170DB412928DE900B8313A /* libz.dylib */; };
		BF1C47F01293687400B63C5D /* QuartzCore.framework in Frameworks */ = {isa = PBXBuildFile; fileRef = BF1C47EA1293683800B63C5D /* QuartzCore.framework */; };
		CD0EB1781B75E50600267CEA /* FieldLevel.cpp in Sources */ = {isa = PBXBuildFile; fileRef = CD0EB1761B75E50600267CEA /* FieldLevel.cpp */; };
		CD0EB1791B75E50600267CEA /* FieldLevel.cpp in Sources */ = {isa = PBXBuildFile; fileRef = CD0EB1761B75E50600267CEA /* FieldLevel.cpp */; };
		CD0EB17B1B75F2F500267CEA /* presets.xml in Resources */ = {isa = PBXBuildFile; fileRef = CD0EB17A1B75F2F500267CEA /* presets.xml */; };
		CD0EB17C1B75F2F500267CEA /* presets.xml in Resources */ = {isa = PBXBuildFile; fileRef = CD0EB17A1B75F2F500267CEA /* presets.xml */; };
		CD0EB17E1B76086E00267CEA /* levels.xml in Resources */ = {isa = PBXBuildFile; fileRef = CD0EB17D1B76086E00267CEA /* levels.xml */; };
		CD0EB17F1B76086E00267CEA /* levels.xml in Resources */ = {isa = PBXBuildFile; fileRef = CD0EB17D1B76086E00267CEA /* levels.xml */; };
		CD327E701B14D2D30065ABC8 /* EffectsLayer.cpp in Sources */ = {isa = PBXBuildFile; fileRef = CD327E6E1B14D2D30065ABC8 /* EffectsLayer.cpp */; };
		CD327E711B14D2D30065ABC8 /* EffectsLayer.cpp in Sources */ = {isa = PBXBuildFile; fileRef = CD327E6E1B14D2D30065ABC8 /* EffectsLayer.cpp */; };
		CD3E69AB1AD3A593008F7FB0 /* ControlKeyboard.cpp in Sources */ = {isa = PBXBuildFile; fileRef = CD3E69A91AD3A593008F7FB0 /* ControlKeyboard.cpp */; };
		CD3E69AC1AD3A593008F7FB0 /* ControlKeyboard.cpp in Sources */ = {isa = PBXBuildFile; fileRef = CD3E69A91AD3A593008F7FB0 /* ControlKeyboard.cpp */; };
		CD3F1A8E1ACD15C5000ADDD6 /* Cocos2d.lua in Resources */ = {isa = PBXBuildFile; fileRef = CD3F1A8C1ACD15C5000ADDD6 /* Cocos2d.lua */; };
		CD3F1A8F1ACD15C5000ADDD6 /* Cocos2d.lua in Resources */ = {isa = PBXBuildFile; fileRef = CD3F1A8C1ACD15C5000ADDD6 /* Cocos2d.lua */; };
		CD3F1A901ACD15C5000ADDD6 /* Cocos2dConstants.lua in Resources */ = {isa = PBXBuildFile; fileRef = CD3F1A8D1ACD15C5000ADDD6 /* Cocos2dConstants.lua */; };
		CD3F1A911ACD15C5000ADDD6 /* Cocos2dConstants.lua in Resources */ = {isa = PBXBuildFile; fileRef = CD3F1A8D1ACD15C5000ADDD6 /* Cocos2dConstants.lua */; };
		CD44C6FE1AE9503E008569F6 /* ControlTouch.cpp in Sources */ = {isa = PBXBuildFile; fileRef = CD44C6FC1AE9503E008569F6 /* ControlTouch.cpp */; };
		CD44C6FF1AE9503E008569F6 /* ControlTouch.cpp in Sources */ = {isa = PBXBuildFile; fileRef = CD44C6FC1AE9503E008569F6 /* ControlTouch.cpp */; };
		CD5F1CCE1B2457B300D0341A /* SessionInfo.cpp in Sources */ = {isa = PBXBuildFile; fileRef = CD5F1CCC1B2457B300D0341A /* SessionInfo.cpp */; };
		CD5F1CCF1B2457B300D0341A /* SessionInfo.cpp in Sources */ = {isa = PBXBuildFile; fileRef = CD5F1CCC1B2457B300D0341A /* SessionInfo.cpp */; };
		CD5F8C7E1AD03DB8000CF14A /* GameScene.cpp in Sources */ = {isa = PBXBuildFile; fileRef = CD5F8C7C1AD03DB8000CF14A /* GameScene.cpp */; };
		CD5F8C7F1AD03DB8000CF14A /* GameScene.cpp in Sources */ = {isa = PBXBuildFile; fileRef = CD5F8C7C1AD03DB8000CF14A /* GameScene.cpp */; };
		CD6184C51B00A1B8000271D0 /* StaminaBarWidget.cpp in Sources */ = {isa = PBXBuildFile; fileRef = CD6184C31B00A1B7000271D0 /* StaminaBarWidget.cpp */; };
		CD6184C61B00A1B8000271D0 /* StaminaBarWidget.cpp in Sources */ = {isa = PBXBuildFile; fileRef = CD6184C31B00A1B7000271D0 /* StaminaBarWidget.cpp */; };
		CD6359C71B09B2DE00DAF734 /* GuiConstants.lua in Resources */ = {isa = PBXBuildFile; fileRef = CD6359C61B09B2DE00DAF734 /* GuiConstants.lua */; };
		CD6359C81B09B2DE00DAF734 /* GuiConstants.lua in Resources */ = {isa = PBXBuildFile; fileRef = CD6359C61B09B2DE00DAF734 /* GuiConstants.lua */; };
		CD637E761B22D9E8002F98EF /* StoreWeaponWidget.cpp in Sources */ = {isa = PBXBuildFile; fileRef = CD637E741B22D9E8002F98EF /* StoreWeaponWidget.cpp */; };
		CD637E771B22D9E8002F98EF /* StoreWeaponWidget.cpp in Sources */ = {isa = PBXBuildFile; fileRef = CD637E741B22D9E8002F98EF /* StoreWeaponWidget.cpp */; };
		CD637E7A1B234458002F98EF /* Equipment.cpp in Sources */ = {isa = PBXBuildFile; fileRef = CD637E781B234458002F98EF /* Equipment.cpp */; };
		CD637E7B1B234458002F98EF /* Equipment.cpp in Sources */ = {isa = PBXBuildFile; fileRef = CD637E781B234458002F98EF /* Equipment.cpp */; };
		CD637E7E1B234E75002F98EF /* StoreItemButton.cpp in Sources */ = {isa = PBXBuildFile; fileRef = CD637E7C1B234E75002F98EF /* StoreItemButton.cpp */; };
		CD637E7F1B234E75002F98EF /* StoreItemButton.cpp in Sources */ = {isa = PBXBuildFile; fileRef = CD637E7C1B234E75002F98EF /* StoreItemButton.cpp */; };
		CD637E821B234F42002F98EF /* StoreCategoryButton.cpp in Sources */ = {isa = PBXBuildFile; fileRef = CD637E801B234F42002F98EF /* StoreCategoryButton.cpp */; };
		CD637E831B234F42002F98EF /* StoreCategoryButton.cpp in Sources */ = {isa = PBXBuildFile; fileRef = CD637E801B234F42002F98EF /* StoreCategoryButton.cpp */; };
		CD7503531AFF6BED00DBD732 /* GameInterface.cpp in Sources */ = {isa = PBXBuildFile; fileRef = CD7503511AFF6BED00DBD732 /* GameInterface.cpp */; };
		CD7503541AFF6BED00DBD732 /* GameInterface.cpp in Sources */ = {isa = PBXBuildFile; fileRef = CD7503511AFF6BED00DBD732 /* GameInterface.cpp */; };
		CD75035A1AFF9AF000DBD732 /* fonts in Resources */ = {isa = PBXBuildFile; fileRef = CD7503591AFF9AF000DBD732 /* fonts */; };
		CD75035B1AFF9AF000DBD732 /* fonts in Resources */ = {isa = PBXBuildFile; fileRef = CD7503591AFF9AF000DBD732 /* fonts */; };
		CD79525D1AEF50BC006EC5A5 /* libluacocos2d iOS.a in Frameworks */ = {isa = PBXBuildFile; fileRef = CDD8F7B21ACBB617002ADCCE /* libluacocos2d iOS.a */; };
		CD79525F1AEF5314006EC5A5 /* MediaPlayer.framework in Frameworks */ = {isa = PBXBuildFile; fileRef = CD79525E1AEF5314006EC5A5 /* MediaPlayer.framework */; };
		CD81E5141B20B439008059C2 /* StoreInterface.cpp in Sources */ = {isa = PBXBuildFile; fileRef = CD81E5121B20B439008059C2 /* StoreInterface.cpp */; };
		CD81E5151B20B439008059C2 /* StoreInterface.cpp in Sources */ = {isa = PBXBuildFile; fileRef = CD81E5121B20B439008059C2 /* StoreInterface.cpp */; };
		CD89CC5C1ACC52D0008C1E06 /* GameInfo.cpp in Sources */ = {isa = PBXBuildFile; fileRef = CD89CC5A1ACC52D0008C1E06 /* GameInfo.cpp */; };
		CD89CC5D1ACC52D0008C1E06 /* GameInfo.cpp in Sources */ = {isa = PBXBuildFile; fileRef = CD89CC5A1ACC52D0008C1E06 /* GameInfo.cpp */; };
		CD89CC601ACC538C008C1E06 /* gameInfo.xml in Resources */ = {isa = PBXBuildFile; fileRef = CD89CC5F1ACC538C008C1E06 /* gameInfo.xml */; };
		CD89CC611ACC538C008C1E06 /* gameInfo.xml in Resources */ = {isa = PBXBuildFile; fileRef = CD89CC5F1ACC538C008C1E06 /* gameInfo.xml */; };
		CDA26D0D1ADCFEAA00D8CD6E /* textures in Resources */ = {isa = PBXBuildFile; fileRef = CDA26D0C1ADCFEAA00D8CD6E /* textures */; };
		CDA26D0E1ADCFEAA00D8CD6E /* textures in Resources */ = {isa = PBXBuildFile; fileRef = CDA26D0C1ADCFEAA00D8CD6E /* textures */; };
		CDB37C1D1B6CCB2F00138775 /* models in Resources */ = {isa = PBXBuildFile; fileRef = CDB37C1C1B6CCB2F00138775 /* models */; };
		CDB37C1E1B6CCB2F00138775 /* models in Resources */ = {isa = PBXBuildFile; fileRef = CDB37C1C1B6CCB2F00138775 /* models */; };
		CDBF5AED1AEEAC1000BF3812 /* gui.lua in Resources */ = {isa = PBXBuildFile; fileRef = CDBF5AEC1AEEAC1000BF3812 /* gui.lua */; };
		CDBF5AEE1AEEAC1000BF3812 /* gui.lua in Resources */ = {isa = PBXBuildFile; fileRef = CDBF5AEC1AEEAC1000BF3812 /* gui.lua */; };
		CDC520881B54238700732FD0 /* WeaponAbilities.cpp in Sources */ = {isa = PBXBuildFile; fileRef = CDC520861B54238700732FD0 /* WeaponAbilities.cpp */; };
		CDC520891B54238700732FD0 /* WeaponAbilities.cpp in Sources */ = {isa = PBXBuildFile; fileRef = CDC520861B54238700732FD0 /* WeaponAbilities.cpp */; };
		CDC5E6221B52930F000756EB /* Obstacle.cpp in Sources */ = {isa = PBXBuildFile; fileRef = CDC5E6201B52930F000756EB /* Obstacle.cpp */; };
		CDC5E6231B52930F000756EB /* Obstacle.cpp in Sources */ = {isa = PBXBuildFile; fileRef = CDC5E6201B52930F000756EB /* Obstacle.cpp */; };
		CDC5E6261B529EB8000756EB /* ObstacleWidget.cpp in Sources */ = {isa = PBXBuildFile; fileRef = CDC5E6241B529EB8000756EB /* ObstacleWidget.cpp */; };
		CDC5E6271B529EB8000756EB /* ObstacleWidget.cpp in Sources */ = {isa = PBXBuildFile; fileRef = CDC5E6241B529EB8000756EB /* ObstacleWidget.cpp */; };
		CDC5E62B1B52D564000756EB /* Enemy.cpp in Sources */ = {isa = PBXBuildFile; fileRef = CDC5E6291B52D564000756EB /* Enemy.cpp */; };
		CDC5E62C1B52D564000756EB /* Enemy.cpp in Sources */ = {isa = PBXBuildFile; fileRef = CDC5E6291B52D564000756EB /* Enemy.cpp */; };
		CDC5E62F1B52D735000756EB /* EnemyWidget.cpp in Sources */ = {isa = PBXBuildFile; fileRef = CDC5E62D1B52D735000756EB /* EnemyWidget.cpp */; };
		CDC5E6301B52D735000756EB /* EnemyWidget.cpp in Sources */ = {isa = PBXBuildFile; fileRef = CDC5E62D1B52D735000756EB /* EnemyWidget.cpp */; };
		CDC794591B1C1A0000B83EA2 /* Store.cpp in Sources */ = {isa = PBXBuildFile; fileRef = CDC794571B1C1A0000B83EA2 /* Store.cpp */; };
		CDC7945A1B1C1A0000B83EA2 /* Store.cpp in Sources */ = {isa = PBXBuildFile; fileRef = CDC794571B1C1A0000B83EA2 /* Store.cpp */; };
		CDC7945C1B1C202D00B83EA2 /* storeItems.xml in Resources */ = {isa = PBXBuildFile; fileRef = CDC7945B1B1C202D00B83EA2 /* storeItems.xml */; };
		CDC7945D1B1C202D00B83EA2 /* storeItems.xml in Resources */ = {isa = PBXBuildFile; fileRef = CDC7945B1B1C202D00B83EA2 /* storeItems.xml */; };
		CDC880FD1B513D8700030818 /* FieldSector.cpp in Sources */ = {isa = PBXBuildFile; fileRef = CDC880FB1B513D8700030818 /* FieldSector.cpp */; };
		CDC880FE1B513D8700030818 /* FieldSector.cpp in Sources */ = {isa = PBXBuildFile; fileRef = CDC880FB1B513D8700030818 /* FieldSector.cpp */; };
		CDC881011B5142DF00030818 /* Field.cpp in Sources */ = {isa = PBXBuildFile; fileRef = CDC880FF1B5142DF00030818 /* Field.cpp */; };
		CDC881021B5142DF00030818 /* Field.cpp in Sources */ = {isa = PBXBuildFile; fileRef = CDC880FF1B5142DF00030818 /* Field.cpp */; };
		CDC881091B5149BC00030818 /* VariablesSet.cpp in Sources */ = {isa = PBXBuildFile; fileRef = CDC881071B5149BC00030818 /* VariablesSet.cpp */; };
		CDC8810A1B5149BC00030818 /* VariablesSet.cpp in Sources */ = {isa = PBXBuildFile; fileRef = CDC881071B5149BC00030818 /* VariablesSet.cpp */; };
		CDC8810D1B514AAA00030818 /* FieldLayer.cpp in Sources */ = {isa = PBXBuildFile; fileRef = CDC8810B1B514AAA00030818 /* FieldLayer.cpp */; };
		CDC8810E1B514AAA00030818 /* FieldLayer.cpp in Sources */ = {isa = PBXBuildFile; fileRef = CDC8810B1B514AAA00030818 /* FieldLayer.cpp */; };
		CDC881151B5155F700030818 /* ModelBase.cpp in Sources */ = {isa = PBXBuildFile; fileRef = CDC881131B5155F700030818 /* ModelBase.cpp */; };
		CDC881161B5155F700030818 /* ModelBase.cpp in Sources */ = {isa = PBXBuildFile; fileRef = CDC881131B5155F700030818 /* ModelBase.cpp */; };
		CDC881191B515A2100030818 /* FieldSectorWidget.cpp in Sources */ = {isa = PBXBuildFile; fileRef = CDC881171B515A2100030818 /* FieldSectorWidget.cpp */; };
		CDC8811A1B515A2100030818 /* FieldSectorWidget.cpp in Sources */ = {isa = PBXBuildFile; fileRef = CDC881171B515A2100030818 /* FieldSectorWidget.cpp */; };
		CDC8811D1B51664800030818 /* Hero.cpp in Sources */ = {isa = PBXBuildFile; fileRef = CDC8811B1B51664800030818 /* Hero.cpp */; };
		CDC8811E1B51664800030818 /* Hero.cpp in Sources */ = {isa = PBXBuildFile; fileRef = CDC8811B1B51664800030818 /* Hero.cpp */; };
		CDC881211B516C2300030818 /* HeroWidget.cpp in Sources */ = {isa = PBXBuildFile; fileRef = CDC8811F1B516C2300030818 /* HeroWidget.cpp */; };
		CDC881221B516C2300030818 /* HeroWidget.cpp in Sources */ = {isa = PBXBuildFile; fileRef = CDC8811F1B516C2300030818 /* HeroWidget.cpp */; };
		CDC881251B51808300030818 /* HeroAction.cpp in Sources */ = {isa = PBXBuildFile; fileRef = CDC881231B51808300030818 /* HeroAction.cpp */; };
		CDC881261B51808300030818 /* HeroAction.cpp in Sources */ = {isa = PBXBuildFile; fileRef = CDC881231B51808300030818 /* HeroAction.cpp */; };
		CDC9DE771B557F55006F53F6 /* Projectile.cpp in Sources */ = {isa = PBXBuildFile; fileRef = CDC9DE751B557F55006F53F6 /* Projectile.cpp */; };
		CDC9DE781B557F55006F53F6 /* Projectile.cpp in Sources */ = {isa = PBXBuildFile; fileRef = CDC9DE751B557F55006F53F6 /* Projectile.cpp */; };
		CDC9DE7B1B558478006F53F6 /* ProjectileWidget.cpp in Sources */ = {isa = PBXBuildFile; fileRef = CDC9DE791B558478006F53F6 /* ProjectileWidget.cpp */; };
		CDC9DE7C1B558478006F53F6 /* ProjectileWidget.cpp in Sources */ = {isa = PBXBuildFile; fileRef = CDC9DE791B558478006F53F6 /* ProjectileWidget.cpp */; };
		CDCDEA711B6E2BE600B0820C /* StoreItemBaseWidget.cpp in Sources */ = {isa = PBXBuildFile; fileRef = CDCDEA6F1B6E2BE600B0820C /* StoreItemBaseWidget.cpp */; };
		CDCDEA721B6E2BE600B0820C /* StoreItemBaseWidget.cpp in Sources */ = {isa = PBXBuildFile; fileRef = CDCDEA6F1B6E2BE600B0820C /* StoreItemBaseWidget.cpp */; };
		CDCDEA751B6E2ECF00B0820C /* StoreArmorWidget.cpp in Sources */ = {isa = PBXBuildFile; fileRef = CDCDEA731B6E2ECF00B0820C /* StoreArmorWidget.cpp */; };
		CDCDEA761B6E2ECF00B0820C /* StoreArmorWidget.cpp in Sources */ = {isa = PBXBuildFile; fileRef = CDCDEA731B6E2ECF00B0820C /* StoreArmorWidget.cpp */; };
		CDD8F7B71ACBB6DD002ADCCE /* libluacocos2d Mac.a in Frameworks */ = {isa = PBXBuildFile; fileRef = CDD8F7B01ACBB617002ADCCE /* libluacocos2d Mac.a */; };
		CDD8F7BA1ACBBCE9002ADCCE /* Utils.cpp in Sources */ = {isa = PBXBuildFile; fileRef = CDD8F7B81ACBBCE9002ADCCE /* Utils.cpp */; };
		CDD8F7BB1ACBBCE9002ADCCE /* Utils.cpp in Sources */ = {isa = PBXBuildFile; fileRef = CDD8F7B81ACBBCE9002ADCCE /* Utils.cpp */; };
		D44C620C132DFF330009C878 /* OpenAL.framework in Frameworks */ = {isa = PBXBuildFile; fileRef = D44C620B132DFF330009C878 /* OpenAL.framework */; };
		D44C620E132DFF430009C878 /* AVFoundation.framework in Frameworks */ = {isa = PBXBuildFile; fileRef = D44C620D132DFF430009C878 /* AVFoundation.framework */; };
		D44C6210132DFF4E0009C878 /* AudioToolbox.framework in Frameworks */ = {isa = PBXBuildFile; fileRef = D44C620F132DFF4E0009C878 /* AudioToolbox.framework */; };
		D6B0611B1803AB670077942B /* CoreMotion.framework in Frameworks */ = {isa = PBXBuildFile; fileRef = D6B0611A1803AB670077942B /* CoreMotion.framework */; };
/* End PBXBuildFile section */

/* Begin PBXContainerItemProxy section */
		1AC6FAF8180E9839004C840B /* PBXContainerItemProxy */ = {
			isa = PBXContainerItemProxy;
			containerPortal = 1AC6FAE5180E9839004C840B /* cocos2d_libs.xcodeproj */;
			proxyType = 2;
			remoteGlobalIDString = 1551A33F158F2AB200E66CFE;
			remoteInfo = "cocos2dx Mac";
		};
		1AC6FB06180E9839004C840B /* PBXContainerItemProxy */ = {
			isa = PBXContainerItemProxy;
			containerPortal = 1AC6FAE5180E9839004C840B /* cocos2d_libs.xcodeproj */;
			proxyType = 2;
			remoteGlobalIDString = A07A4D641783777C0073F6A7;
			remoteInfo = "cocos2dx iOS";
		};
		1AC6FB15180E9959004C840B /* PBXContainerItemProxy */ = {
			isa = PBXContainerItemProxy;
			containerPortal = 1AC6FAE5180E9839004C840B /* cocos2d_libs.xcodeproj */;
			proxyType = 1;
			remoteGlobalIDString = 1551A33E158F2AB200E66CFE;
			remoteInfo = "cocos2dx Mac";
		};
		1AC6FB24180E99E1004C840B /* PBXContainerItemProxy */ = {
			isa = PBXContainerItemProxy;
			containerPortal = 1AC6FAE5180E9839004C840B /* cocos2d_libs.xcodeproj */;
			proxyType = 1;
			remoteGlobalIDString = A07A4C241783777C0073F6A7;
			remoteInfo = "cocos2dx iOS";
		};
		CD79525A1AEF5097006EC5A5 /* PBXContainerItemProxy */ = {
			isa = PBXContainerItemProxy;
			containerPortal = CDD8F7AA1ACBB617002ADCCE /* cocos2d_lua_bindings.xcodeproj */;
			proxyType = 1;
			remoteGlobalIDString = 15EFA59E198B2DAA000C57D3;
			remoteInfo = "libluacocos2d iOS";
		};
		CDD8F7AF1ACBB617002ADCCE /* PBXContainerItemProxy */ = {
			isa = PBXContainerItemProxy;
			containerPortal = CDD8F7AA1ACBB617002ADCCE /* cocos2d_lua_bindings.xcodeproj */;
			proxyType = 2;
			remoteGlobalIDString = 15C1C2CC198748D200A46ACC;
			remoteInfo = "libluacocos2d Mac";
		};
		CDD8F7B11ACBB617002ADCCE /* PBXContainerItemProxy */ = {
			isa = PBXContainerItemProxy;
			containerPortal = CDD8F7AA1ACBB617002ADCCE /* cocos2d_lua_bindings.xcodeproj */;
			proxyType = 2;
			remoteGlobalIDString = 15EFA616198B2DAA000C57D3;
			remoteInfo = "libluacocos2d iOS";
		};
		CDD8F7B51ACBB693002ADCCE /* PBXContainerItemProxy */ = {
			isa = PBXContainerItemProxy;
			containerPortal = CDD8F7AA1ACBB617002ADCCE /* cocos2d_lua_bindings.xcodeproj */;
			proxyType = 1;
			remoteGlobalIDString = 15C1C255198748D200A46ACC;
			remoteInfo = "libluacocos2d Mac";
		};
/* End PBXContainerItemProxy section */

/* Begin PBXFileReference section */
		1AC6FAE5180E9839004C840B /* cocos2d_libs.xcodeproj */ = {isa = PBXFileReference; lastKnownFileType = "wrapper.pb-project"; name = cocos2d_libs.xcodeproj; path = ../cocos2d/build/cocos2d_libs.xcodeproj; sourceTree = "<group>"; };
		1ACB3243164770DE00914215 /* libcurl.a */ = {isa = PBXFileReference; lastKnownFileType = archive.ar; name = libcurl.a; path = ../../cocos2dx/platform/third_party/ios/libraries/libcurl.a; sourceTree = "<group>"; };
		1D30AB110D05D00D00671497 /* Foundation.framework */ = {isa = PBXFileReference; lastKnownFileType = wrapper.framework; name = Foundation.framework; path = System/Library/Frameworks/Foundation.framework; sourceTree = SDKROOT; };
		1D6058910D05DD3D006BFB54 /* SlashingTrough iOS.app */ = {isa = PBXFileReference; explicitFileType = wrapper.application; includeInIndex = 0; path = "SlashingTrough iOS.app"; sourceTree = BUILT_PRODUCTS_DIR; };
		1DF5F4DF0D08C38300B7A737 /* UIKit.framework */ = {isa = PBXFileReference; lastKnownFileType = wrapper.framework; name = UIKit.framework; path = System/Library/Frameworks/UIKit.framework; sourceTree = SDKROOT; };
		288765A40DF7441C002DB57D /* CoreGraphics.framework */ = {isa = PBXFileReference; lastKnownFileType = wrapper.framework; name = CoreGraphics.framework; path = System/Library/Frameworks/CoreGraphics.framework; sourceTree = SDKROOT; };
		46880B8419C43A87006E1F66 /* AppDelegate.cpp */ = {isa = PBXFileReference; fileEncoding = 4; lastKnownFileType = sourcecode.cpp.cpp; path = AppDelegate.cpp; sourceTree = "<group>"; };
		46880B8519C43A87006E1F66 /* AppDelegate.h */ = {isa = PBXFileReference; fileEncoding = 4; lastKnownFileType = sourcecode.c.h; path = AppDelegate.h; sourceTree = "<group>"; };
		503AE0F617EB97AB00D1A890 /* Icon.icns */ = {isa = PBXFileReference; lastKnownFileType = image.icns; path = Icon.icns; sourceTree = "<group>"; };
		503AE0F717EB97AB00D1A890 /* Info.plist */ = {isa = PBXFileReference; fileEncoding = 4; lastKnownFileType = text.plist.xml; path = Info.plist; sourceTree = "<group>"; };
		503AE0FA17EB989F00D1A890 /* AppController.h */ = {isa = PBXFileReference; fileEncoding = 4; lastKnownFileType = sourcecode.c.h; name = AppController.h; path = ios/AppController.h; sourceTree = SOURCE_ROOT; };
		503AE0FB17EB989F00D1A890 /* AppController.mm */ = {isa = PBXFileReference; fileEncoding = 4; lastKnownFileType = sourcecode.cpp.objcpp; name = AppController.mm; path = ios/AppController.mm; sourceTree = SOURCE_ROOT; };
		503AE0FC17EB989F00D1A890 /* main.m */ = {isa = PBXFileReference; fileEncoding = 4; lastKnownFileType = sourcecode.c.objc; name = main.m; path = ios/main.m; sourceTree = SOURCE_ROOT; };
		503AE0FD17EB989F00D1A890 /* Prefix.pch */ = {isa = PBXFileReference; fileEncoding = 4; lastKnownFileType = sourcecode.c.h; name = Prefix.pch; path = ios/Prefix.pch; sourceTree = SOURCE_ROOT; };
		503AE0FE17EB989F00D1A890 /* RootViewController.h */ = {isa = PBXFileReference; fileEncoding = 4; lastKnownFileType = sourcecode.c.h; name = RootViewController.h; path = ios/RootViewController.h; sourceTree = SOURCE_ROOT; };
		503AE0FF17EB989F00D1A890 /* RootViewController.mm */ = {isa = PBXFileReference; fileEncoding = 4; lastKnownFileType = sourcecode.cpp.objcpp; name = RootViewController.mm; path = ios/RootViewController.mm; sourceTree = SOURCE_ROOT; };
		503AE10317EB98FF00D1A890 /* main.cpp */ = {isa = PBXFileReference; fileEncoding = 4; lastKnownFileType = sourcecode.cpp.cpp; name = main.cpp; path = mac/main.cpp; sourceTree = "<group>"; };
		503AE10417EB98FF00D1A890 /* Prefix.pch */ = {isa = PBXFileReference; fileEncoding = 4; lastKnownFileType = sourcecode.c.h; name = Prefix.pch; path = mac/Prefix.pch; sourceTree = "<group>"; };
		503AE11117EB99EE00D1A890 /* libcurl.dylib */ = {isa = PBXFileReference; lastKnownFileType = "compiled.mach-o.dylib"; name = libcurl.dylib; path = usr/lib/libcurl.dylib; sourceTree = SDKROOT; };
		503AE11A17EB9C5A00D1A890 /* IOKit.framework */ = {isa = PBXFileReference; lastKnownFileType = wrapper.framework; name = IOKit.framework; path = System/Library/Frameworks/IOKit.framework; sourceTree = SDKROOT; };
		5087E76F17EB910900C73F5D /* SlashingTrough Mac.app */ = {isa = PBXFileReference; explicitFileType = wrapper.application; includeInIndex = 0; path = "SlashingTrough Mac.app"; sourceTree = BUILT_PRODUCTS_DIR; };
		5087E77217EB970100C73F5D /* Default-568h@2x.png */ = {isa = PBXFileReference; lastKnownFileType = image.png; path = "Default-568h@2x.png"; sourceTree = "<group>"; };
		5087E77317EB970100C73F5D /* Default.png */ = {isa = PBXFileReference; lastKnownFileType = image.png; path = Default.png; sourceTree = "<group>"; };
		5087E77417EB970100C73F5D /* Default@2x.png */ = {isa = PBXFileReference; lastKnownFileType = image.png; path = "Default@2x.png"; sourceTree = "<group>"; };
		5087E77517EB970100C73F5D /* Icon-114.png */ = {isa = PBXFileReference; lastKnownFileType = image.png; path = "Icon-114.png"; sourceTree = "<group>"; };
		5087E77617EB970100C73F5D /* Icon-120.png */ = {isa = PBXFileReference; lastKnownFileType = image.png; path = "Icon-120.png"; sourceTree = "<group>"; };
		5087E77717EB970100C73F5D /* Icon-144.png */ = {isa = PBXFileReference; lastKnownFileType = image.png; path = "Icon-144.png"; sourceTree = "<group>"; };
		5087E77817EB970100C73F5D /* Icon-152.png */ = {isa = PBXFileReference; lastKnownFileType = image.png; path = "Icon-152.png"; sourceTree = "<group>"; };
		5087E77917EB970100C73F5D /* Icon-57.png */ = {isa = PBXFileReference; lastKnownFileType = image.png; path = "Icon-57.png"; sourceTree = "<group>"; };
		5087E77A17EB970100C73F5D /* Icon-72.png */ = {isa = PBXFileReference; lastKnownFileType = image.png; path = "Icon-72.png"; sourceTree = "<group>"; };
		5087E77B17EB970100C73F5D /* Icon-76.png */ = {isa = PBXFileReference; lastKnownFileType = image.png; path = "Icon-76.png"; sourceTree = "<group>"; };
		5087E77C17EB970100C73F5D /* Info.plist */ = {isa = PBXFileReference; fileEncoding = 4; lastKnownFileType = text.plist.xml; path = Info.plist; sourceTree = "<group>"; };
		5087E78817EB974C00C73F5D /* AppKit.framework */ = {isa = PBXFileReference; lastKnownFileType = wrapper.framework; name = AppKit.framework; path = System/Library/Frameworks/AppKit.framework; sourceTree = SDKROOT; };
		5087E78A17EB975400C73F5D /* OpenGL.framework */ = {isa = PBXFileReference; lastKnownFileType = wrapper.framework; name = OpenGL.framework; path = System/Library/Frameworks/OpenGL.framework; sourceTree = SDKROOT; };
		50EF629217ECD46A001EB2F8 /* Icon-40.png */ = {isa = PBXFileReference; lastKnownFileType = image.png; path = "Icon-40.png"; sourceTree = "<group>"; };
		50EF629317ECD46A001EB2F8 /* Icon-58.png */ = {isa = PBXFileReference; lastKnownFileType = image.png; path = "Icon-58.png"; sourceTree = "<group>"; };
		50EF629417ECD46A001EB2F8 /* Icon-80.png */ = {isa = PBXFileReference; lastKnownFileType = image.png; path = "Icon-80.png"; sourceTree = "<group>"; };
		50EF629517ECD46A001EB2F8 /* Icon-100.png */ = {isa = PBXFileReference; lastKnownFileType = image.png; path = "Icon-100.png"; sourceTree = "<group>"; };
		50EF62A017ECD613001EB2F8 /* Icon-29.png */ = {isa = PBXFileReference; lastKnownFileType = image.png; path = "Icon-29.png"; sourceTree = "<group>"; };
		50EF62A117ECD613001EB2F8 /* Icon-50.png */ = {isa = PBXFileReference; lastKnownFileType = image.png; path = "Icon-50.png"; sourceTree = "<group>"; };
		521A8E6219F0C34300D177D7 /* Default-667h@2x.png */ = {isa = PBXFileReference; lastKnownFileType = image.png; path = "Default-667h@2x.png"; sourceTree = "<group>"; };
		521A8E6319F0C34300D177D7 /* Default-736h@3x.png */ = {isa = PBXFileReference; lastKnownFileType = image.png; path = "Default-736h@3x.png"; sourceTree = "<group>"; };
		52B47A461A53D09B004E4C60 /* Security.framework */ = {isa = PBXFileReference; lastKnownFileType = wrapper.framework; name = Security.framework; path = Platforms/iPhoneOS.platform/Developer/SDKs/iPhoneOS8.1.sdk/System/Library/Frameworks/Security.framework; sourceTree = DEVELOPER_DIR; };
		BF170DB012928DE900B8313A /* OpenGLES.framework */ = {isa = PBXFileReference; lastKnownFileType = wrapper.framework; name = OpenGLES.framework; path = System/Library/Frameworks/OpenGLES.framework; sourceTree = SDKROOT; };
		BF170DB412928DE900B8313A /* libz.dylib */ = {isa = PBXFileReference; lastKnownFileType = "compiled.mach-o.dylib"; name = libz.dylib; path = usr/lib/libz.dylib; sourceTree = SDKROOT; };
		BF1C47EA1293683800B63C5D /* QuartzCore.framework */ = {isa = PBXFileReference; lastKnownFileType = wrapper.framework; name = QuartzCore.framework; path = System/Library/Frameworks/QuartzCore.framework; sourceTree = SDKROOT; };
		CD0EB1761B75E50600267CEA /* FieldLevel.cpp */ = {isa = PBXFileReference; fileEncoding = 4; lastKnownFileType = sourcecode.cpp.cpp; path = FieldLevel.cpp; sourceTree = "<group>"; };
		CD0EB1771B75E50600267CEA /* FieldLevel.h */ = {isa = PBXFileReference; fileEncoding = 4; lastKnownFileType = sourcecode.c.h; path = FieldLevel.h; sourceTree = "<group>"; };
		CD0EB17A1B75F2F500267CEA /* presets.xml */ = {isa = PBXFileReference; fileEncoding = 4; lastKnownFileType = text.xml; path = presets.xml; sourceTree = "<group>"; };
		CD0EB17D1B76086E00267CEA /* levels.xml */ = {isa = PBXFileReference; fileEncoding = 4; lastKnownFileType = text.xml; path = levels.xml; sourceTree = "<group>"; };
		CD327E6E1B14D2D30065ABC8 /* EffectsLayer.cpp */ = {isa = PBXFileReference; fileEncoding = 4; lastKnownFileType = sourcecode.cpp.cpp; path = EffectsLayer.cpp; sourceTree = "<group>"; };
		CD327E6F1B14D2D30065ABC8 /* EffectsLayer.h */ = {isa = PBXFileReference; fileEncoding = 4; lastKnownFileType = sourcecode.c.h; path = EffectsLayer.h; sourceTree = "<group>"; };
		CD3E69A91AD3A593008F7FB0 /* ControlKeyboard.cpp */ = {isa = PBXFileReference; fileEncoding = 4; lastKnownFileType = sourcecode.cpp.cpp; path = ControlKeyboard.cpp; sourceTree = "<group>"; };
		CD3E69AA1AD3A593008F7FB0 /* ControlKeyboard.h */ = {isa = PBXFileReference; fileEncoding = 4; lastKnownFileType = sourcecode.c.h; path = ControlKeyboard.h; sourceTree = "<group>"; };
		CD3F1A8C1ACD15C5000ADDD6 /* Cocos2d.lua */ = {isa = PBXFileReference; fileEncoding = 4; lastKnownFileType = text; path = Cocos2d.lua; sourceTree = "<group>"; };
		CD3F1A8D1ACD15C5000ADDD6 /* Cocos2dConstants.lua */ = {isa = PBXFileReference; fileEncoding = 4; lastKnownFileType = text; path = Cocos2dConstants.lua; sourceTree = "<group>"; };
		CD44C6FC1AE9503E008569F6 /* ControlTouch.cpp */ = {isa = PBXFileReference; fileEncoding = 4; lastKnownFileType = sourcecode.cpp.cpp; path = ControlTouch.cpp; sourceTree = "<group>"; };
		CD44C6FD1AE9503E008569F6 /* ControlTouch.h */ = {isa = PBXFileReference; fileEncoding = 4; lastKnownFileType = sourcecode.c.h; path = ControlTouch.h; sourceTree = "<group>"; };
		CD5F1CCC1B2457B300D0341A /* SessionInfo.cpp */ = {isa = PBXFileReference; fileEncoding = 4; lastKnownFileType = sourcecode.cpp.cpp; path = SessionInfo.cpp; sourceTree = "<group>"; };
		CD5F1CCD1B2457B300D0341A /* SessionInfo.h */ = {isa = PBXFileReference; fileEncoding = 4; lastKnownFileType = sourcecode.c.h; path = SessionInfo.h; sourceTree = "<group>"; };
		CD5F8C7C1AD03DB8000CF14A /* GameScene.cpp */ = {isa = PBXFileReference; fileEncoding = 4; lastKnownFileType = sourcecode.cpp.cpp; path = GameScene.cpp; sourceTree = "<group>"; };
		CD5F8C7D1AD03DB8000CF14A /* GameScene.h */ = {isa = PBXFileReference; fileEncoding = 4; lastKnownFileType = sourcecode.c.h; path = GameScene.h; sourceTree = "<group>"; };
		CD6184C31B00A1B7000271D0 /* StaminaBarWidget.cpp */ = {isa = PBXFileReference; fileEncoding = 4; lastKnownFileType = sourcecode.cpp.cpp; path = StaminaBarWidget.cpp; sourceTree = "<group>"; };
		CD6184C41B00A1B8000271D0 /* StaminaBarWidget.h */ = {isa = PBXFileReference; fileEncoding = 4; lastKnownFileType = sourcecode.c.h; path = StaminaBarWidget.h; sourceTree = "<group>"; };
		CD6359C61B09B2DE00DAF734 /* GuiConstants.lua */ = {isa = PBXFileReference; fileEncoding = 4; lastKnownFileType = text; path = GuiConstants.lua; sourceTree = "<group>"; };
		CD637E741B22D9E8002F98EF /* StoreWeaponWidget.cpp */ = {isa = PBXFileReference; fileEncoding = 4; lastKnownFileType = sourcecode.cpp.cpp; path = StoreWeaponWidget.cpp; sourceTree = "<group>"; };
		CD637E751B22D9E8002F98EF /* StoreWeaponWidget.h */ = {isa = PBXFileReference; fileEncoding = 4; lastKnownFileType = sourcecode.c.h; path = StoreWeaponWidget.h; sourceTree = "<group>"; };
		CD637E781B234458002F98EF /* Equipment.cpp */ = {isa = PBXFileReference; fileEncoding = 4; lastKnownFileType = sourcecode.cpp.cpp; path = Equipment.cpp; sourceTree = "<group>"; };
		CD637E791B234458002F98EF /* Equipment.h */ = {isa = PBXFileReference; fileEncoding = 4; lastKnownFileType = sourcecode.c.h; path = Equipment.h; sourceTree = "<group>"; };
		CD637E7C1B234E75002F98EF /* StoreItemButton.cpp */ = {isa = PBXFileReference; fileEncoding = 4; lastKnownFileType = sourcecode.cpp.cpp; path = StoreItemButton.cpp; sourceTree = "<group>"; };
		CD637E7D1B234E75002F98EF /* StoreItemButton.h */ = {isa = PBXFileReference; fileEncoding = 4; lastKnownFileType = sourcecode.c.h; path = StoreItemButton.h; sourceTree = "<group>"; };
		CD637E801B234F42002F98EF /* StoreCategoryButton.cpp */ = {isa = PBXFileReference; fileEncoding = 4; lastKnownFileType = sourcecode.cpp.cpp; path = StoreCategoryButton.cpp; sourceTree = "<group>"; };
		CD637E811B234F42002F98EF /* StoreCategoryButton.h */ = {isa = PBXFileReference; fileEncoding = 4; lastKnownFileType = sourcecode.c.h; path = StoreCategoryButton.h; sourceTree = "<group>"; };
		CD7503511AFF6BED00DBD732 /* GameInterface.cpp */ = {isa = PBXFileReference; fileEncoding = 4; lastKnownFileType = sourcecode.cpp.cpp; path = GameInterface.cpp; sourceTree = "<group>"; };
		CD7503521AFF6BED00DBD732 /* GameInterface.h */ = {isa = PBXFileReference; fileEncoding = 4; lastKnownFileType = sourcecode.c.h; path = GameInterface.h; sourceTree = "<group>"; };
		CD7503591AFF9AF000DBD732 /* fonts */ = {isa = PBXFileReference; lastKnownFileType = folder; path = fonts; sourceTree = "<group>"; };
		CD79525E1AEF5314006EC5A5 /* MediaPlayer.framework */ = {isa = PBXFileReference; lastKnownFileType = wrapper.framework; name = MediaPlayer.framework; path = Platforms/iPhoneOS.platform/Developer/SDKs/iPhoneOS8.3.sdk/System/Library/Frameworks/MediaPlayer.framework; sourceTree = DEVELOPER_DIR; };
		CD81E5121B20B439008059C2 /* StoreInterface.cpp */ = {isa = PBXFileReference; fileEncoding = 4; lastKnownFileType = sourcecode.cpp.cpp; path = StoreInterface.cpp; sourceTree = "<group>"; };
		CD81E5131B20B439008059C2 /* StoreInterface.h */ = {isa = PBXFileReference; fileEncoding = 4; lastKnownFileType = sourcecode.c.h; path = StoreInterface.h; sourceTree = "<group>"; };
		CD89CC5A1ACC52D0008C1E06 /* GameInfo.cpp */ = {isa = PBXFileReference; fileEncoding = 4; lastKnownFileType = sourcecode.cpp.cpp; path = GameInfo.cpp; sourceTree = "<group>"; };
		CD89CC5B1ACC52D0008C1E06 /* GameInfo.h */ = {isa = PBXFileReference; fileEncoding = 4; lastKnownFileType = sourcecode.c.h; path = GameInfo.h; sourceTree = "<group>"; };
		CD89CC5F1ACC538C008C1E06 /* gameInfo.xml */ = {isa = PBXFileReference; fileEncoding = 4; lastKnownFileType = text.xml; path = gameInfo.xml; sourceTree = "<group>"; };
		CDA26D0C1ADCFEAA00D8CD6E /* textures */ = {isa = PBXFileReference; lastKnownFileType = folder; path = textures; sourceTree = "<group>"; };
		CDB37C1C1B6CCB2F00138775 /* models */ = {isa = PBXFileReference; lastKnownFileType = folder; path = models; sourceTree = "<group>"; };
		CDBF5AEC1AEEAC1000BF3812 /* gui.lua */ = {isa = PBXFileReference; fileEncoding = 4; lastKnownFileType = text; path = gui.lua; sourceTree = "<group>"; };
		CDC520861B54238700732FD0 /* WeaponAbilities.cpp */ = {isa = PBXFileReference; fileEncoding = 4; lastKnownFileType = sourcecode.cpp.cpp; path = WeaponAbilities.cpp; sourceTree = "<group>"; };
		CDC520871B54238700732FD0 /* WeaponAbilities.h */ = {isa = PBXFileReference; fileEncoding = 4; lastKnownFileType = sourcecode.c.h; path = WeaponAbilities.h; sourceTree = "<group>"; };
		CDC5E6201B52930F000756EB /* Obstacle.cpp */ = {isa = PBXFileReference; fileEncoding = 4; lastKnownFileType = sourcecode.cpp.cpp; path = Obstacle.cpp; sourceTree = "<group>"; };
		CDC5E6211B52930F000756EB /* Obstacle.h */ = {isa = PBXFileReference; fileEncoding = 4; lastKnownFileType = sourcecode.c.h; path = Obstacle.h; sourceTree = "<group>"; };
		CDC5E6241B529EB8000756EB /* ObstacleWidget.cpp */ = {isa = PBXFileReference; fileEncoding = 4; lastKnownFileType = sourcecode.cpp.cpp; path = ObstacleWidget.cpp; sourceTree = "<group>"; };
		CDC5E6251B529EB8000756EB /* ObstacleWidget.h */ = {isa = PBXFileReference; fileEncoding = 4; lastKnownFileType = sourcecode.c.h; path = ObstacleWidget.h; sourceTree = "<group>"; };
		CDC5E6291B52D564000756EB /* Enemy.cpp */ = {isa = PBXFileReference; fileEncoding = 4; lastKnownFileType = sourcecode.cpp.cpp; path = Enemy.cpp; sourceTree = "<group>"; };
		CDC5E62A1B52D564000756EB /* Enemy.h */ = {isa = PBXFileReference; fileEncoding = 4; lastKnownFileType = sourcecode.c.h; path = Enemy.h; sourceTree = "<group>"; };
		CDC5E62D1B52D735000756EB /* EnemyWidget.cpp */ = {isa = PBXFileReference; fileEncoding = 4; lastKnownFileType = sourcecode.cpp.cpp; path = EnemyWidget.cpp; sourceTree = "<group>"; };
		CDC5E62E1B52D735000756EB /* EnemyWidget.h */ = {isa = PBXFileReference; fileEncoding = 4; lastKnownFileType = sourcecode.c.h; path = EnemyWidget.h; sourceTree = "<group>"; };
		CDC794571B1C1A0000B83EA2 /* Store.cpp */ = {isa = PBXFileReference; fileEncoding = 4; lastKnownFileType = sourcecode.cpp.cpp; path = Store.cpp; sourceTree = "<group>"; };
		CDC794581B1C1A0000B83EA2 /* Store.h */ = {isa = PBXFileReference; fileEncoding = 4; lastKnownFileType = sourcecode.c.h; path = Store.h; sourceTree = "<group>"; };
		CDC7945B1B1C202D00B83EA2 /* storeItems.xml */ = {isa = PBXFileReference; fileEncoding = 4; lastKnownFileType = text.xml; path = storeItems.xml; sourceTree = "<group>"; };
		CDC880FB1B513D8700030818 /* FieldSector.cpp */ = {isa = PBXFileReference; fileEncoding = 4; lastKnownFileType = sourcecode.cpp.cpp; path = FieldSector.cpp; sourceTree = "<group>"; };
		CDC880FC1B513D8700030818 /* FieldSector.h */ = {isa = PBXFileReference; fileEncoding = 4; lastKnownFileType = sourcecode.c.h; path = FieldSector.h; sourceTree = "<group>"; };
		CDC880FF1B5142DF00030818 /* Field.cpp */ = {isa = PBXFileReference; fileEncoding = 4; lastKnownFileType = sourcecode.cpp.cpp; path = Field.cpp; sourceTree = "<group>"; };
		CDC881001B5142DF00030818 /* Field.h */ = {isa = PBXFileReference; fileEncoding = 4; lastKnownFileType = sourcecode.c.h; path = Field.h; sourceTree = "<group>"; };
		CDC881071B5149BC00030818 /* VariablesSet.cpp */ = {isa = PBXFileReference; fileEncoding = 4; lastKnownFileType = sourcecode.cpp.cpp; path = VariablesSet.cpp; sourceTree = "<group>"; };
		CDC881081B5149BC00030818 /* VariablesSet.h */ = {isa = PBXFileReference; fileEncoding = 4; lastKnownFileType = sourcecode.c.h; path = VariablesSet.h; sourceTree = "<group>"; };
		CDC8810B1B514AAA00030818 /* FieldLayer.cpp */ = {isa = PBXFileReference; fileEncoding = 4; lastKnownFileType = sourcecode.cpp.cpp; path = FieldLayer.cpp; sourceTree = "<group>"; };
		CDC8810C1B514AAA00030818 /* FieldLayer.h */ = {isa = PBXFileReference; fileEncoding = 4; lastKnownFileType = sourcecode.c.h; path = FieldLayer.h; sourceTree = "<group>"; };
		CDC881131B5155F700030818 /* ModelBase.cpp */ = {isa = PBXFileReference; fileEncoding = 4; lastKnownFileType = sourcecode.cpp.cpp; path = ModelBase.cpp; sourceTree = "<group>"; };
		CDC881141B5155F700030818 /* ModelBase.h */ = {isa = PBXFileReference; fileEncoding = 4; lastKnownFileType = sourcecode.c.h; path = ModelBase.h; sourceTree = "<group>"; };
		CDC881171B515A2100030818 /* FieldSectorWidget.cpp */ = {isa = PBXFileReference; fileEncoding = 4; lastKnownFileType = sourcecode.cpp.cpp; path = FieldSectorWidget.cpp; sourceTree = "<group>"; };
		CDC881181B515A2100030818 /* FieldSectorWidget.h */ = {isa = PBXFileReference; fileEncoding = 4; lastKnownFileType = sourcecode.c.h; path = FieldSectorWidget.h; sourceTree = "<group>"; };
		CDC8811B1B51664800030818 /* Hero.cpp */ = {isa = PBXFileReference; fileEncoding = 4; lastKnownFileType = sourcecode.cpp.cpp; path = Hero.cpp; sourceTree = "<group>"; };
		CDC8811C1B51664800030818 /* Hero.h */ = {isa = PBXFileReference; fileEncoding = 4; lastKnownFileType = sourcecode.c.h; path = Hero.h; sourceTree = "<group>"; };
		CDC8811F1B516C2300030818 /* HeroWidget.cpp */ = {isa = PBXFileReference; fileEncoding = 4; lastKnownFileType = sourcecode.cpp.cpp; path = HeroWidget.cpp; sourceTree = "<group>"; };
		CDC881201B516C2300030818 /* HeroWidget.h */ = {isa = PBXFileReference; fileEncoding = 4; lastKnownFileType = sourcecode.c.h; path = HeroWidget.h; sourceTree = "<group>"; };
		CDC881231B51808300030818 /* HeroAction.cpp */ = {isa = PBXFileReference; fileEncoding = 4; lastKnownFileType = sourcecode.cpp.cpp; path = HeroAction.cpp; sourceTree = "<group>"; };
		CDC881241B51808300030818 /* HeroAction.h */ = {isa = PBXFileReference; fileEncoding = 4; lastKnownFileType = sourcecode.c.h; path = HeroAction.h; sourceTree = "<group>"; };
		CDC9DE751B557F55006F53F6 /* Projectile.cpp */ = {isa = PBXFileReference; fileEncoding = 4; lastKnownFileType = sourcecode.cpp.cpp; path = Projectile.cpp; sourceTree = "<group>"; };
		CDC9DE761B557F55006F53F6 /* Projectile.h */ = {isa = PBXFileReference; fileEncoding = 4; lastKnownFileType = sourcecode.c.h; path = Projectile.h; sourceTree = "<group>"; };
		CDC9DE791B558478006F53F6 /* ProjectileWidget.cpp */ = {isa = PBXFileReference; fileEncoding = 4; lastKnownFileType = sourcecode.cpp.cpp; path = ProjectileWidget.cpp; sourceTree = "<group>"; };
		CDC9DE7A1B558478006F53F6 /* ProjectileWidget.h */ = {isa = PBXFileReference; fileEncoding = 4; lastKnownFileType = sourcecode.c.h; path = ProjectileWidget.h; sourceTree = "<group>"; };
		CDCDEA6F1B6E2BE600B0820C /* StoreItemBaseWidget.cpp */ = {isa = PBXFileReference; fileEncoding = 4; lastKnownFileType = sourcecode.cpp.cpp; path = StoreItemBaseWidget.cpp; sourceTree = "<group>"; };
		CDCDEA701B6E2BE600B0820C /* StoreItemBaseWidget.h */ = {isa = PBXFileReference; fileEncoding = 4; lastKnownFileType = sourcecode.c.h; path = StoreItemBaseWidget.h; sourceTree = "<group>"; };
		CDCDEA731B6E2ECF00B0820C /* StoreArmorWidget.cpp */ = {isa = PBXFileReference; fileEncoding = 4; lastKnownFileType = sourcecode.cpp.cpp; path = StoreArmorWidget.cpp; sourceTree = "<group>"; };
		CDCDEA741B6E2ECF00B0820C /* StoreArmorWidget.h */ = {isa = PBXFileReference; fileEncoding = 4; lastKnownFileType = sourcecode.c.h; path = StoreArmorWidget.h; sourceTree = "<group>"; };
		CDD8F7AA1ACBB617002ADCCE /* cocos2d_lua_bindings.xcodeproj */ = {isa = PBXFileReference; lastKnownFileType = "wrapper.pb-project"; name = cocos2d_lua_bindings.xcodeproj; path = "../cocos2d/cocos/scripting/lua-bindings/proj.ios_mac/cocos2d_lua_bindings.xcodeproj"; sourceTree = "<group>"; };
		CDD8F7B81ACBBCE9002ADCCE /* Utils.cpp */ = {isa = PBXFileReference; fileEncoding = 4; lastKnownFileType = sourcecode.cpp.cpp; path = Utils.cpp; sourceTree = "<group>"; };
		CDD8F7B91ACBBCE9002ADCCE /* Utils.h */ = {isa = PBXFileReference; fileEncoding = 4; lastKnownFileType = sourcecode.c.h; path = Utils.h; sourceTree = "<group>"; };
		D44C620B132DFF330009C878 /* OpenAL.framework */ = {isa = PBXFileReference; lastKnownFileType = wrapper.framework; name = OpenAL.framework; path = System/Library/Frameworks/OpenAL.framework; sourceTree = SDKROOT; };
		D44C620D132DFF430009C878 /* AVFoundation.framework */ = {isa = PBXFileReference; lastKnownFileType = wrapper.framework; name = AVFoundation.framework; path = System/Library/Frameworks/AVFoundation.framework; sourceTree = SDKROOT; };
		D44C620F132DFF4E0009C878 /* AudioToolbox.framework */ = {isa = PBXFileReference; lastKnownFileType = wrapper.framework; name = AudioToolbox.framework; path = System/Library/Frameworks/AudioToolbox.framework; sourceTree = SDKROOT; };
		D6B0611A1803AB670077942B /* CoreMotion.framework */ = {isa = PBXFileReference; lastKnownFileType = wrapper.framework; name = CoreMotion.framework; path = Platforms/iPhoneOS.platform/Developer/SDKs/iPhoneOS7.0.sdk/System/Library/Frameworks/CoreMotion.framework; sourceTree = DEVELOPER_DIR; };
/* End PBXFileReference section */

/* Begin PBXFrameworksBuildPhase section */
		1D60588F0D05DD3D006BFB54 /* Frameworks */ = {
			isa = PBXFrameworksBuildPhase;
			buildActionMask = 2147483647;
			files = (
				CD79525F1AEF5314006EC5A5 /* MediaPlayer.framework in Frameworks */,
				CD79525D1AEF50BC006EC5A5 /* libluacocos2d iOS.a in Frameworks */,
				52B47A471A53D09C004E4C60 /* Security.framework in Frameworks */,
				1AC6FB30180E99EB004C840B /* libcocos2d iOS.a in Frameworks */,
				D6B0611B1803AB670077942B /* CoreMotion.framework in Frameworks */,
				1D60589F0D05DD5A006BFB54 /* Foundation.framework in Frameworks */,
				1DF5F4E00D08C38300B7A737 /* UIKit.framework in Frameworks */,
				288765A50DF7441C002DB57D /* CoreGraphics.framework in Frameworks */,
				BF171245129291EC00B8313A /* OpenGLES.framework in Frameworks */,
				BF1712471292920000B8313A /* libz.dylib in Frameworks */,
				BF1C47F01293687400B63C5D /* QuartzCore.framework in Frameworks */,
				D44C620C132DFF330009C878 /* OpenAL.framework in Frameworks */,
				D44C620E132DFF430009C878 /* AVFoundation.framework in Frameworks */,
				D44C6210132DFF4E0009C878 /* AudioToolbox.framework in Frameworks */,
			);
			runOnlyForDeploymentPostprocessing = 0;
		};
		5087E75C17EB910900C73F5D /* Frameworks */ = {
			isa = PBXFrameworksBuildPhase;
			buildActionMask = 2147483647;
			files = (
				CDD8F7B71ACBB6DD002ADCCE /* libluacocos2d Mac.a in Frameworks */,
				1AC6FB21180E996B004C840B /* libcocos2d Mac.a in Frameworks */,
				5087E76717EB910900C73F5D /* libz.dylib in Frameworks */,
				503AE11B17EB9C5A00D1A890 /* IOKit.framework in Frameworks */,
				5087E78B17EB975400C73F5D /* OpenGL.framework in Frameworks */,
				5087E78917EB974C00C73F5D /* AppKit.framework in Frameworks */,
				5087E76317EB910900C73F5D /* Foundation.framework in Frameworks */,
				5087E76817EB910900C73F5D /* QuartzCore.framework in Frameworks */,
				5087E76917EB910900C73F5D /* OpenAL.framework in Frameworks */,
				5087E76A17EB910900C73F5D /* AVFoundation.framework in Frameworks */,
				5087E76B17EB910900C73F5D /* AudioToolbox.framework in Frameworks */,
			);
			runOnlyForDeploymentPostprocessing = 0;
		};
/* End PBXFrameworksBuildPhase section */

/* Begin PBXGroup section */
		080E96DDFE201D6D7F000001 /* ios */ = {
			isa = PBXGroup;
			children = (
				5087E77117EB970100C73F5D /* Icons */,
				503AE0FA17EB989F00D1A890 /* AppController.h */,
				503AE0FB17EB989F00D1A890 /* AppController.mm */,
				503AE0FC17EB989F00D1A890 /* main.m */,
				503AE0FD17EB989F00D1A890 /* Prefix.pch */,
				503AE0FE17EB989F00D1A890 /* RootViewController.h */,
				503AE0FF17EB989F00D1A890 /* RootViewController.mm */,
			);
			name = ios;
			path = Classes;
			sourceTree = "<group>";
		};
		19C28FACFE9D520D11CA2CBB /* Products */ = {
			isa = PBXGroup;
			children = (
				1D6058910D05DD3D006BFB54 /* SlashingTrough iOS.app */,
				5087E76F17EB910900C73F5D /* SlashingTrough Mac.app */,
			);
			name = Products;
			sourceTree = "<group>";
		};
		1AC6FAE6180E9839004C840B /* Products */ = {
			isa = PBXGroup;
			children = (
				1AC6FAF9180E9839004C840B /* libcocos2d Mac.a */,
				1AC6FB07180E9839004C840B /* libcocos2d iOS.a */,
			);
			name = Products;
			sourceTree = "<group>";
		};
		29B97314FDCFA39411CA2CEA /* CustomTemplate */ = {
			isa = PBXGroup;
			children = (
				CDD8F7AA1ACBB617002ADCCE /* cocos2d_lua_bindings.xcodeproj */,
				1AC6FAE5180E9839004C840B /* cocos2d_libs.xcodeproj */,
				46880B8319C43A87006E1F66 /* Classes */,
				46880B7519C43A67006E1F66 /* Resources */,
				29B97323FDCFA39411CA2CEA /* Frameworks */,
				080E96DDFE201D6D7F000001 /* ios */,
				503AE10617EB990700D1A890 /* mac */,
				19C28FACFE9D520D11CA2CBB /* Products */,
			);
			name = CustomTemplate;
			sourceTree = "<group>";
		};
		29B97323FDCFA39411CA2CEA /* Frameworks */ = {
			isa = PBXGroup;
			children = (
				CD79525E1AEF5314006EC5A5 /* MediaPlayer.framework */,
				52B47A461A53D09B004E4C60 /* Security.framework */,
				D6B0611A1803AB670077942B /* CoreMotion.framework */,
				503AE11A17EB9C5A00D1A890 /* IOKit.framework */,
				503AE11117EB99EE00D1A890 /* libcurl.dylib */,
				5087E78A17EB975400C73F5D /* OpenGL.framework */,
				5087E78817EB974C00C73F5D /* AppKit.framework */,
				1ACB3243164770DE00914215 /* libcurl.a */,
				BF170DB412928DE900B8313A /* libz.dylib */,
				D44C620F132DFF4E0009C878 /* AudioToolbox.framework */,
				D44C620D132DFF430009C878 /* AVFoundation.framework */,
				288765A40DF7441C002DB57D /* CoreGraphics.framework */,
				1D30AB110D05D00D00671497 /* Foundation.framework */,
				D44C620B132DFF330009C878 /* OpenAL.framework */,
				BF170DB012928DE900B8313A /* OpenGLES.framework */,
				BF1C47EA1293683800B63C5D /* QuartzCore.framework */,
				1DF5F4DF0D08C38300B7A737 /* UIKit.framework */,
			);
			name = Frameworks;
			sourceTree = "<group>";
		};
		46880B7519C43A67006E1F66 /* Resources */ = {
			isa = PBXGroup;
			children = (
				CD7503591AFF9AF000DBD732 /* fonts */,
				CDA26D0C1ADCFEAA00D8CD6E /* textures */,
				CDB37C1C1B6CCB2F00138775 /* models */,
				CD3F1A8B1ACD15C5000ADDD6 /* scripts */,
				CD89CC5F1ACC538C008C1E06 /* gameInfo.xml */,
				CDC7945B1B1C202D00B83EA2 /* storeItems.xml */,
				CD0EB17A1B75F2F500267CEA /* presets.xml */,
				CD0EB17D1B76086E00267CEA /* levels.xml */,
			);
			name = Resources;
			path = ../Resources;
			sourceTree = "<group>";
		};
		46880B8319C43A87006E1F66 /* Classes */ = {
			isa = PBXGroup;
			children = (
				CDC880F71B513BDD00030818 /* Model */,
				CDC880F91B513BEE00030818 /* View */,
				CDC880FA1B513BF400030818 /* Control */,
				CDC880F81B513BE600030818 /* GUI */,
				CDC5E6281B529ECF000756EB /* Effects */,
				46880B8419C43A87006E1F66 /* AppDelegate.cpp */,
				46880B8519C43A87006E1F66 /* AppDelegate.h */,
				CDD8F7B81ACBBCE9002ADCCE /* Utils.cpp */,
				CDD8F7B91ACBBCE9002ADCCE /* Utils.h */,
				CDC881071B5149BC00030818 /* VariablesSet.cpp */,
				CDC881081B5149BC00030818 /* VariablesSet.h */,
				CD89CC5A1ACC52D0008C1E06 /* GameInfo.cpp */,
				CD89CC5B1ACC52D0008C1E06 /* GameInfo.h */,
				CD5F1CCC1B2457B300D0341A /* SessionInfo.cpp */,
				CD5F1CCD1B2457B300D0341A /* SessionInfo.h */,
			);
			name = Classes;
			path = ../Classes;
			sourceTree = "<group>";
		};
		503AE0F517EB97AB00D1A890 /* Icons */ = {
			isa = PBXGroup;
			children = (
				503AE0F617EB97AB00D1A890 /* Icon.icns */,
				503AE0F717EB97AB00D1A890 /* Info.plist */,
			);
			name = Icons;
			path = mac;
			sourceTree = SOURCE_ROOT;
		};
		503AE10617EB990700D1A890 /* mac */ = {
			isa = PBXGroup;
			children = (
				503AE0F517EB97AB00D1A890 /* Icons */,
				503AE10317EB98FF00D1A890 /* main.cpp */,
				503AE10417EB98FF00D1A890 /* Prefix.pch */,
			);
			name = mac;
			sourceTree = "<group>";
		};
		5087E77117EB970100C73F5D /* Icons */ = {
			isa = PBXGroup;
			children = (
				521A8E6219F0C34300D177D7 /* Default-667h@2x.png */,
				521A8E6319F0C34300D177D7 /* Default-736h@3x.png */,
				5087E77217EB970100C73F5D /* Default-568h@2x.png */,
				5087E77317EB970100C73F5D /* Default.png */,
				5087E77417EB970100C73F5D /* Default@2x.png */,
				50EF62A017ECD613001EB2F8 /* Icon-29.png */,
				50EF62A117ECD613001EB2F8 /* Icon-50.png */,
				50EF629217ECD46A001EB2F8 /* Icon-40.png */,
				50EF629317ECD46A001EB2F8 /* Icon-58.png */,
				50EF629417ECD46A001EB2F8 /* Icon-80.png */,
				50EF629517ECD46A001EB2F8 /* Icon-100.png */,
				5087E77517EB970100C73F5D /* Icon-114.png */,
				5087E77617EB970100C73F5D /* Icon-120.png */,
				5087E77717EB970100C73F5D /* Icon-144.png */,
				5087E77817EB970100C73F5D /* Icon-152.png */,
				5087E77917EB970100C73F5D /* Icon-57.png */,
				5087E77A17EB970100C73F5D /* Icon-72.png */,
				5087E77B17EB970100C73F5D /* Icon-76.png */,
				5087E77C17EB970100C73F5D /* Info.plist */,
			);
			name = Icons;
			path = ios;
			sourceTree = SOURCE_ROOT;
		};
		CD3F1A8B1ACD15C5000ADDD6 /* scripts */ = {
			isa = PBXGroup;
			children = (
				CD6359C61B09B2DE00DAF734 /* GuiConstants.lua */,
				CDBF5AEC1AEEAC1000BF3812 /* gui.lua */,
				CD3F1A8C1ACD15C5000ADDD6 /* Cocos2d.lua */,
				CD3F1A8D1ACD15C5000ADDD6 /* Cocos2dConstants.lua */,
			);
			path = scripts;
			sourceTree = "<group>";
		};
		CDC5E6281B529ECF000756EB /* Effects */ = {
			isa = PBXGroup;
			children = (
				CD327E6E1B14D2D30065ABC8 /* EffectsLayer.cpp */,
				CD327E6F1B14D2D30065ABC8 /* EffectsLayer.h */,
			);
			name = Effects;
			sourceTree = "<group>";
		};
		CDC880F71B513BDD00030818 /* Model */ = {
			isa = PBXGroup;
			children = (
				CDC881131B5155F700030818 /* ModelBase.cpp */,
				CDC881141B5155F700030818 /* ModelBase.h */,
				CD637E781B234458002F98EF /* Equipment.cpp */,
				CD637E791B234458002F98EF /* Equipment.h */,
				CDC520861B54238700732FD0 /* WeaponAbilities.cpp */,
				CDC520871B54238700732FD0 /* WeaponAbilities.h */,
				CDC9DE751B557F55006F53F6 /* Projectile.cpp */,
				CDC9DE761B557F55006F53F6 /* Projectile.h */,
				CDC5E6201B52930F000756EB /* Obstacle.cpp */,
				CDC5E6211B52930F000756EB /* Obstacle.h */,
				CDC5E6291B52D564000756EB /* Enemy.cpp */,
				CDC5E62A1B52D564000756EB /* Enemy.h */,
				CDC8811B1B51664800030818 /* Hero.cpp */,
				CDC8811C1B51664800030818 /* Hero.h */,
				CDC881231B51808300030818 /* HeroAction.cpp */,
				CDC881241B51808300030818 /* HeroAction.h */,
				CDC880FB1B513D8700030818 /* FieldSector.cpp */,
				CDC880FC1B513D8700030818 /* FieldSector.h */,
				CD0EB1761B75E50600267CEA /* FieldLevel.cpp */,
				CD0EB1771B75E50600267CEA /* FieldLevel.h */,
				CDC880FF1B5142DF00030818 /* Field.cpp */,
				CDC881001B5142DF00030818 /* Field.h */,
				CDC794571B1C1A0000B83EA2 /* Store.cpp */,
				CDC794581B1C1A0000B83EA2 /* Store.h */,
			);
			name = Model;
			sourceTree = "<group>";
		};
		CDC880F81B513BE600030818 /* GUI */ = {
			isa = PBXGroup;
			children = (
				CD7503511AFF6BED00DBD732 /* GameInterface.cpp */,
				CD7503521AFF6BED00DBD732 /* GameInterface.h */,
				CD6184C31B00A1B7000271D0 /* StaminaBarWidget.cpp */,
				CD6184C41B00A1B8000271D0 /* StaminaBarWidget.h */,
				CD81E5121B20B439008059C2 /* StoreInterface.cpp */,
				CD81E5131B20B439008059C2 /* StoreInterface.h */,
				CD637E801B234F42002F98EF /* StoreCategoryButton.cpp */,
				CD637E811B234F42002F98EF /* StoreCategoryButton.h */,
				CD637E7C1B234E75002F98EF /* StoreItemButton.cpp */,
				CD637E7D1B234E75002F98EF /* StoreItemButton.h */,
				CDCDEA6F1B6E2BE600B0820C /* StoreItemBaseWidget.cpp */,
				CDCDEA701B6E2BE600B0820C /* StoreItemBaseWidget.h */,
				CD637E741B22D9E8002F98EF /* StoreWeaponWidget.cpp */,
				CD637E751B22D9E8002F98EF /* StoreWeaponWidget.h */,
				CDCDEA731B6E2ECF00B0820C /* StoreArmorWidget.cpp */,
				CDCDEA741B6E2ECF00B0820C /* StoreArmorWidget.h */,
			);
			name = GUI;
			sourceTree = "<group>";
		};
		CDC880F91B513BEE00030818 /* View */ = {
			isa = PBXGroup;
			children = (
				CDC9DE791B558478006F53F6 /* ProjectileWidget.cpp */,
				CDC9DE7A1B558478006F53F6 /* ProjectileWidget.h */,
				CDC5E6241B529EB8000756EB /* ObstacleWidget.cpp */,
				CDC5E6251B529EB8000756EB /* ObstacleWidget.h */,
				CDC5E62D1B52D735000756EB /* EnemyWidget.cpp */,
				CDC5E62E1B52D735000756EB /* EnemyWidget.h */,
				CDC8811F1B516C2300030818 /* HeroWidget.cpp */,
				CDC881201B516C2300030818 /* HeroWidget.h */,
				CDC881171B515A2100030818 /* FieldSectorWidget.cpp */,
				CDC881181B515A2100030818 /* FieldSectorWidget.h */,
				CDC8810B1B514AAA00030818 /* FieldLayer.cpp */,
				CDC8810C1B514AAA00030818 /* FieldLayer.h */,
				CD5F8C7C1AD03DB8000CF14A /* GameScene.cpp */,
				CD5F8C7D1AD03DB8000CF14A /* GameScene.h */,
			);
			name = View;
			sourceTree = "<group>";
		};
		CDC880FA1B513BF400030818 /* Control */ = {
			isa = PBXGroup;
			children = (
				CD3E69A91AD3A593008F7FB0 /* ControlKeyboard.cpp */,
				CD3E69AA1AD3A593008F7FB0 /* ControlKeyboard.h */,
				CD44C6FC1AE9503E008569F6 /* ControlTouch.cpp */,
				CD44C6FD1AE9503E008569F6 /* ControlTouch.h */,
			);
			name = Control;
			sourceTree = "<group>";
		};
		CDD8F7AB1ACBB617002ADCCE /* Products */ = {
			isa = PBXGroup;
			children = (
				CDD8F7B01ACBB617002ADCCE /* libluacocos2d Mac.a */,
				CDD8F7B21ACBB617002ADCCE /* libluacocos2d iOS.a */,
			);
			name = Products;
			sourceTree = "<group>";
		};
/* End PBXGroup section */

/* Begin PBXNativeTarget section */
		1D6058900D05DD3D006BFB54 /* SlashingTrough iOS */ = {
			isa = PBXNativeTarget;
			buildConfigurationList = 1D6058960D05DD3E006BFB54 /* Build configuration list for PBXNativeTarget "SlashingTrough iOS" */;
			buildPhases = (
				1D60588D0D05DD3D006BFB54 /* Resources */,
				1D60588E0D05DD3D006BFB54 /* Sources */,
				1D60588F0D05DD3D006BFB54 /* Frameworks */,
			);
			buildRules = (
			);
			dependencies = (
				CD79525B1AEF5097006EC5A5 /* PBXTargetDependency */,
				1AC6FB25180E99E1004C840B /* PBXTargetDependency */,
			);
			name = "SlashingTrough iOS";
			productName = iphone;
			productReference = 1D6058910D05DD3D006BFB54 /* SlashingTrough iOS.app */;
			productType = "com.apple.product-type.application";
		};
		5087E73D17EB910900C73F5D /* SlashingTrough Mac */ = {
			isa = PBXNativeTarget;
			buildConfigurationList = 5087E76C17EB910900C73F5D /* Build configuration list for PBXNativeTarget "SlashingTrough Mac" */;
			buildPhases = (
				5087E74817EB910900C73F5D /* Resources */,
				5087E75617EB910900C73F5D /* Sources */,
				5087E75C17EB910900C73F5D /* Frameworks */,
			);
			buildRules = (
			);
			dependencies = (
				CDD8F7B61ACBB693002ADCCE /* PBXTargetDependency */,
				1AC6FB16180E9959004C840B /* PBXTargetDependency */,
			);
			name = "SlashingTrough Mac";
			productName = iphone;
			productReference = 5087E76F17EB910900C73F5D /* SlashingTrough Mac.app */;
			productType = "com.apple.product-type.application";
		};
/* End PBXNativeTarget section */

/* Begin PBXProject section */
		29B97313FDCFA39411CA2CEA /* Project object */ = {
			isa = PBXProject;
			attributes = {
				LastUpgradeCheck = 0500;
				TargetAttributes = {
					1D6058900D05DD3D006BFB54 = {
						DevelopmentTeam = MDDB52YB8L;
					};
				};
			};
			buildConfigurationList = C01FCF4E08A954540054247B /* Build configuration list for PBXProject "SlashingTrough" */;
			compatibilityVersion = "Xcode 3.2";
			developmentRegion = English;
			hasScannedForEncodings = 1;
			knownRegions = (
				English,
				Japanese,
				French,
				German,
			);
			mainGroup = 29B97314FDCFA39411CA2CEA /* CustomTemplate */;
			projectDirPath = "";
			projectReferences = (
				{
					ProductGroup = 1AC6FAE6180E9839004C840B /* Products */;
					ProjectRef = 1AC6FAE5180E9839004C840B /* cocos2d_libs.xcodeproj */;
				},
				{
					ProductGroup = CDD8F7AB1ACBB617002ADCCE /* Products */;
					ProjectRef = CDD8F7AA1ACBB617002ADCCE /* cocos2d_lua_bindings.xcodeproj */;
				},
			);
			projectRoot = "";
			targets = (
				1D6058900D05DD3D006BFB54 /* SlashingTrough iOS */,
				5087E73D17EB910900C73F5D /* SlashingTrough Mac */,
			);
		};
/* End PBXProject section */

/* Begin PBXReferenceProxy section */
		1AC6FAF9180E9839004C840B /* libcocos2d Mac.a */ = {
			isa = PBXReferenceProxy;
			fileType = archive.ar;
			path = "libcocos2d Mac.a";
			remoteRef = 1AC6FAF8180E9839004C840B /* PBXContainerItemProxy */;
			sourceTree = BUILT_PRODUCTS_DIR;
		};
		1AC6FB07180E9839004C840B /* libcocos2d iOS.a */ = {
			isa = PBXReferenceProxy;
			fileType = archive.ar;
			path = "libcocos2d iOS.a";
			remoteRef = 1AC6FB06180E9839004C840B /* PBXContainerItemProxy */;
			sourceTree = BUILT_PRODUCTS_DIR;
		};
		CDD8F7B01ACBB617002ADCCE /* libluacocos2d Mac.a */ = {
			isa = PBXReferenceProxy;
			fileType = archive.ar;
			path = "libluacocos2d Mac.a";
			remoteRef = CDD8F7AF1ACBB617002ADCCE /* PBXContainerItemProxy */;
			sourceTree = BUILT_PRODUCTS_DIR;
		};
		CDD8F7B21ACBB617002ADCCE /* libluacocos2d iOS.a */ = {
			isa = PBXReferenceProxy;
			fileType = archive.ar;
			path = "libluacocos2d iOS.a";
			remoteRef = CDD8F7B11ACBB617002ADCCE /* PBXContainerItemProxy */;
			sourceTree = BUILT_PRODUCTS_DIR;
		};
/* End PBXReferenceProxy section */

/* Begin PBXResourcesBuildPhase section */
		1D60588D0D05DD3D006BFB54 /* Resources */ = {
			isa = PBXResourcesBuildPhase;
			buildActionMask = 2147483647;
			files = (
				5087E78117EB970100C73F5D /* Icon-120.png in Resources */,
				5087E78617EB970100C73F5D /* Icon-76.png in Resources */,
				5087E77F17EB970100C73F5D /* Default@2x.png in Resources */,
				50EF629917ECD46A001EB2F8 /* Icon-100.png in Resources */,
				5087E78317EB970100C73F5D /* Icon-152.png in Resources */,
				CD0EB17B1B75F2F500267CEA /* presets.xml in Resources */,
				5087E77D17EB970100C73F5D /* Default-568h@2x.png in Resources */,
				CD3F1A8E1ACD15C5000ADDD6 /* Cocos2d.lua in Resources */,
				5087E78517EB970100C73F5D /* Icon-72.png in Resources */,
				521A8E6519F0C34300D177D7 /* Default-736h@3x.png in Resources */,
				CD89CC601ACC538C008C1E06 /* gameInfo.xml in Resources */,
				50EF62A317ECD613001EB2F8 /* Icon-50.png in Resources */,
				CDBF5AED1AEEAC1000BF3812 /* gui.lua in Resources */,
				5087E78017EB970100C73F5D /* Icon-114.png in Resources */,
				50EF62A217ECD613001EB2F8 /* Icon-29.png in Resources */,
				50EF629617ECD46A001EB2F8 /* Icon-40.png in Resources */,
				CD75035A1AFF9AF000DBD732 /* fonts in Resources */,
				5087E78217EB970100C73F5D /* Icon-144.png in Resources */,
				50EF629817ECD46A001EB2F8 /* Icon-80.png in Resources */,
				5087E78417EB970100C73F5D /* Icon-57.png in Resources */,
				CD6359C71B09B2DE00DAF734 /* GuiConstants.lua in Resources */,
				5087E77E17EB970100C73F5D /* Default.png in Resources */,
				CDB37C1D1B6CCB2F00138775 /* models in Resources */,
				CDA26D0D1ADCFEAA00D8CD6E /* textures in Resources */,
				CDC7945C1B1C202D00B83EA2 /* storeItems.xml in Resources */,
				CD0EB17E1B76086E00267CEA /* levels.xml in Resources */,
				521A8E6419F0C34300D177D7 /* Default-667h@2x.png in Resources */,
				CD3F1A901ACD15C5000ADDD6 /* Cocos2dConstants.lua in Resources */,
				50EF629717ECD46A001EB2F8 /* Icon-58.png in Resources */,
			);
			runOnlyForDeploymentPostprocessing = 0;
		};
		5087E74817EB910900C73F5D /* Resources */ = {
			isa = PBXResourcesBuildPhase;
			buildActionMask = 2147483647;
			files = (
				CD0EB17C1B75F2F500267CEA /* presets.xml in Resources */,
				CDC7945D1B1C202D00B83EA2 /* storeItems.xml in Resources */,
				CDB37C1E1B6CCB2F00138775 /* models in Resources */,
				CD3F1A8F1ACD15C5000ADDD6 /* Cocos2d.lua in Resources */,
				CD3F1A911ACD15C5000ADDD6 /* Cocos2dConstants.lua in Resources */,
				CD6359C81B09B2DE00DAF734 /* GuiConstants.lua in Resources */,
				CDBF5AEE1AEEAC1000BF3812 /* gui.lua in Resources */,
				CD75035B1AFF9AF000DBD732 /* fonts in Resources */,
				CD0EB17F1B76086E00267CEA /* levels.xml in Resources */,
				CDA26D0E1ADCFEAA00D8CD6E /* textures in Resources */,
				503AE0F817EB97AB00D1A890 /* Icon.icns in Resources */,
				CD89CC611ACC538C008C1E06 /* gameInfo.xml in Resources */,
			);
			runOnlyForDeploymentPostprocessing = 0;
		};
/* End PBXResourcesBuildPhase section */

/* Begin PBXSourcesBuildPhase section */
		1D60588E0D05DD3D006BFB54 /* Sources */ = {
			isa = PBXSourcesBuildPhase;
			buildActionMask = 2147483647;
			files = (
				46880B8819C43A87006E1F66 /* AppDelegate.cpp in Sources */,
				CDC8811D1B51664800030818 /* Hero.cpp in Sources */,
				CDC5E62F1B52D735000756EB /* EnemyWidget.cpp in Sources */,
				CDCDEA711B6E2BE600B0820C /* StoreItemBaseWidget.cpp in Sources */,
				CDC881091B5149BC00030818 /* VariablesSet.cpp in Sources */,
				CDC520881B54238700732FD0 /* WeaponAbilities.cpp in Sources */,
				503AE10017EB989F00D1A890 /* AppController.mm in Sources */,
				CDC881191B515A2100030818 /* FieldSectorWidget.cpp in Sources */,
				CD81E5141B20B439008059C2 /* StoreInterface.cpp in Sources */,
				503AE10217EB989F00D1A890 /* RootViewController.mm in Sources */,
				CD637E821B234F42002F98EF /* StoreCategoryButton.cpp in Sources */,
				CD637E761B22D9E8002F98EF /* StoreWeaponWidget.cpp in Sources */,
				CD0EB1781B75E50600267CEA /* FieldLevel.cpp in Sources */,
				CDC8810D1B514AAA00030818 /* FieldLayer.cpp in Sources */,
				CD6184C51B00A1B8000271D0 /* StaminaBarWidget.cpp in Sources */,
				CDC881151B5155F700030818 /* ModelBase.cpp in Sources */,
				CDC9DE7B1B558478006F53F6 /* ProjectileWidget.cpp in Sources */,
				CDD8F7BA1ACBBCE9002ADCCE /* Utils.cpp in Sources */,
				CD3E69AB1AD3A593008F7FB0 /* ControlKeyboard.cpp in Sources */,
				CD5F8C7E1AD03DB8000CF14A /* GameScene.cpp in Sources */,
				CD637E7A1B234458002F98EF /* Equipment.cpp in Sources */,
				CDC5E62B1B52D564000756EB /* Enemy.cpp in Sources */,
				CDC5E6261B529EB8000756EB /* ObstacleWidget.cpp in Sources */,
				503AE10117EB989F00D1A890 /* main.m in Sources */,
				CD637E7E1B234E75002F98EF /* StoreItemButton.cpp in Sources */,
				CDC881011B5142DF00030818 /* Field.cpp in Sources */,
				CD89CC5C1ACC52D0008C1E06 /* GameInfo.cpp in Sources */,
				CD327E701B14D2D30065ABC8 /* EffectsLayer.cpp in Sources */,
				CDCDEA751B6E2ECF00B0820C /* StoreArmorWidget.cpp in Sources */,
				CDC881211B516C2300030818 /* HeroWidget.cpp in Sources */,
				CDC9DE771B557F55006F53F6 /* Projectile.cpp in Sources */,
				CD7503531AFF6BED00DBD732 /* GameInterface.cpp in Sources */,
				CDC880FD1B513D8700030818 /* FieldSector.cpp in Sources */,
				CDC5E6221B52930F000756EB /* Obstacle.cpp in Sources */,
				CD5F1CCE1B2457B300D0341A /* SessionInfo.cpp in Sources */,
				CDC794591B1C1A0000B83EA2 /* Store.cpp in Sources */,
				CD44C6FE1AE9503E008569F6 /* ControlTouch.cpp in Sources */,
				CDC881251B51808300030818 /* HeroAction.cpp in Sources */,
			);
			runOnlyForDeploymentPostprocessing = 0;
		};
		5087E75617EB910900C73F5D /* Sources */ = {
			isa = PBXSourcesBuildPhase;
			buildActionMask = 2147483647;
			files = (
				CDC5E6271B529EB8000756EB /* ObstacleWidget.cpp in Sources */,
				CDC880FE1B513D8700030818 /* FieldSector.cpp in Sources */,
				CD6184C61B00A1B8000271D0 /* StaminaBarWidget.cpp in Sources */,
				CDC5E62C1B52D564000756EB /* Enemy.cpp in Sources */,
				CDC520891B54238700732FD0 /* WeaponAbilities.cpp in Sources */,
				CD3E69AC1AD3A593008F7FB0 /* ControlKeyboard.cpp in Sources */,
				46880B8919C43A87006E1F66 /* AppDelegate.cpp in Sources */,
				CDD8F7BB1ACBBCE9002ADCCE /* Utils.cpp in Sources */,
				CDC8811A1B515A2100030818 /* FieldSectorWidget.cpp in Sources */,
				CD637E771B22D9E8002F98EF /* StoreWeaponWidget.cpp in Sources */,
				CD327E711B14D2D30065ABC8 /* EffectsLayer.cpp in Sources */,
				CDC9DE781B557F55006F53F6 /* Projectile.cpp in Sources */,
				CDC5E6231B52930F000756EB /* Obstacle.cpp in Sources */,
				CDC7945A1B1C1A0000B83EA2 /* Store.cpp in Sources */,
				CD637E7B1B234458002F98EF /* Equipment.cpp in Sources */,
				CDC881021B5142DF00030818 /* Field.cpp in Sources */,
				CDC881161B5155F700030818 /* ModelBase.cpp in Sources */,
				CDCDEA761B6E2ECF00B0820C /* StoreArmorWidget.cpp in Sources */,
				CD0EB1791B75E50600267CEA /* FieldLevel.cpp in Sources */,
				CDC8810E1B514AAA00030818 /* FieldLayer.cpp in Sources */,
				CDC881221B516C2300030818 /* HeroWidget.cpp in Sources */,
				CDCDEA721B6E2BE600B0820C /* StoreItemBaseWidget.cpp in Sources */,
				503AE10517EB98FF00D1A890 /* main.cpp in Sources */,
				CDC5E6301B52D735000756EB /* EnemyWidget.cpp in Sources */,
				CD44C6FF1AE9503E008569F6 /* ControlTouch.cpp in Sources */,
				CDC9DE7C1B558478006F53F6 /* ProjectileWidget.cpp in Sources */,
				CDC8811E1B51664800030818 /* Hero.cpp in Sources */,
				CD637E831B234F42002F98EF /* StoreCategoryButton.cpp in Sources */,
				CD81E5151B20B439008059C2 /* StoreInterface.cpp in Sources */,
				CDC881261B51808300030818 /* HeroAction.cpp in Sources */,
				CD89CC5D1ACC52D0008C1E06 /* GameInfo.cpp in Sources */,
				CDC8810A1B5149BC00030818 /* VariablesSet.cpp in Sources */,
				CD5F8C7F1AD03DB8000CF14A /* GameScene.cpp in Sources */,
				CD637E7F1B234E75002F98EF /* StoreItemButton.cpp in Sources */,
				CD7503541AFF6BED00DBD732 /* GameInterface.cpp in Sources */,
				CD5F1CCF1B2457B300D0341A /* SessionInfo.cpp in Sources */,
			);
			runOnlyForDeploymentPostprocessing = 0;
		};
/* End PBXSourcesBuildPhase section */

/* Begin PBXTargetDependency section */
		1AC6FB16180E9959004C840B /* PBXTargetDependency */ = {
			isa = PBXTargetDependency;
			name = "cocos2dx Mac";
			targetProxy = 1AC6FB15180E9959004C840B /* PBXContainerItemProxy */;
		};
		1AC6FB25180E99E1004C840B /* PBXTargetDependency */ = {
			isa = PBXTargetDependency;
			name = "cocos2dx iOS";
			targetProxy = 1AC6FB24180E99E1004C840B /* PBXContainerItemProxy */;
		};
		CD79525B1AEF5097006EC5A5 /* PBXTargetDependency */ = {
			isa = PBXTargetDependency;
			name = "libluacocos2d iOS";
			targetProxy = CD79525A1AEF5097006EC5A5 /* PBXContainerItemProxy */;
		};
		CDD8F7B61ACBB693002ADCCE /* PBXTargetDependency */ = {
			isa = PBXTargetDependency;
			name = "libluacocos2d Mac";
			targetProxy = CDD8F7B51ACBB693002ADCCE /* PBXContainerItemProxy */;
		};
/* End PBXTargetDependency section */

/* Begin XCBuildConfiguration section */
		1D6058940D05DD3E006BFB54 /* Debug */ = {
			isa = XCBuildConfiguration;
			buildSettings = {
				ALWAYS_SEARCH_USER_PATHS = YES;
				CODE_SIGN_IDENTITY = "iPhone Developer";
				COMPRESS_PNG_FILES = NO;
				GCC_DYNAMIC_NO_PIC = NO;
				GCC_INLINES_ARE_PRIVATE_EXTERN = NO;
				GCC_PRECOMPILE_PREFIX_HEADER = YES;
				GCC_PREFIX_HEADER = ios/Prefix.pch;
				GCC_PREPROCESSOR_DEFINITIONS = (
					USE_FILE32API,
					CC_TARGET_OS_IPHONE,
					"COCOS2D_DEBUG=1",
					"CC_ENABLE_CHIPMUNK_INTEGRATION=1",
				);
				GCC_SYMBOLS_PRIVATE_EXTERN = NO;
				HEADER_SEARCH_PATHS = (
					"$(inherited)",
					"$(SRCROOT)/../cocos2d/cocos/platform/ios",
					"$(SRCROOT)/../cocos2d/cocos/platform/ios/Simulation",
					"$(SRCROOT)/../cocos2d/cocos/scripting/lua-bindings/manual",
					"$(SRCROOT)/../cocos2d/external/glfw3/include/mac",
					"$(SRCROOT)/../cocos2d/external/lua/luajit/include",
					"$(SRCROOT)/../cocos2d/external/lua/tolua",
				);
				INFOPLIST_FILE = ios/Info.plist;
				IPHONEOS_DEPLOYMENT_TARGET = 5.0;
				LIBRARY_SEARCH_PATHS = "";
				OTHER_LDFLAGS = (
					"$(_COCOS_LIB_IOS_BEGIN)",
					"$(_COCOS_LIB_IOS_END)",
				);
				SDKROOT = iphoneos;
				TARGETED_DEVICE_FAMILY = "1,2";
				USER_HEADER_SEARCH_PATHS = "$(_COCOS_HEADER_IOS_BEGIN) $(_COCOS_HEADER_IOS_END)";
				VALID_ARCHS = "arm64 armv7";
			};
			name = Debug;
		};
		1D6058950D05DD3E006BFB54 /* Release */ = {
			isa = XCBuildConfiguration;
			buildSettings = {
				ALWAYS_SEARCH_USER_PATHS = YES;
				CODE_SIGN_IDENTITY = "iPhone Developer";
				COMPRESS_PNG_FILES = NO;
				GCC_INLINES_ARE_PRIVATE_EXTERN = NO;
				GCC_PRECOMPILE_PREFIX_HEADER = YES;
				GCC_PREFIX_HEADER = ios/Prefix.pch;
				GCC_PREPROCESSOR_DEFINITIONS = (
					USE_FILE32API,
					CC_TARGET_OS_IPHONE,
					"CC_ENABLE_CHIPMUNK_INTEGRATION=1",
				);
				GCC_SYMBOLS_PRIVATE_EXTERN = NO;
				HEADER_SEARCH_PATHS = (
					"$(inherited)",
					"$(SRCROOT)/../cocos2d/cocos/platform/ios",
					"$(SRCROOT)/../cocos2d/cocos/platform/ios/Simulation",
					"$(SRCROOT)/../cocos2d/cocos/scripting/lua-bindings/manual",
					"$(SRCROOT)/../cocos2d/external/glfw3/include/mac",
					"$(SRCROOT)/../cocos2d/external/lua/luajit/include",
					"$(SRCROOT)/../cocos2d/external/lua/tolua",
				);
				INFOPLIST_FILE = ios/Info.plist;
				IPHONEOS_DEPLOYMENT_TARGET = 5.0;
				LIBRARY_SEARCH_PATHS = "";
				OTHER_LDFLAGS = (
					"$(_COCOS_LIB_IOS_BEGIN)",
					"$(_COCOS_LIB_IOS_END)",
				);
				SDKROOT = iphoneos;
				TARGETED_DEVICE_FAMILY = "1,2";
				USER_HEADER_SEARCH_PATHS = "$(_COCOS_HEADER_IOS_BEGIN) $(_COCOS_HEADER_IOS_END)";
				VALID_ARCHS = "arm64 armv7";
			};
			name = Release;
		};
		5087E76D17EB910900C73F5D /* Debug */ = {
			isa = XCBuildConfiguration;
			buildSettings = {
				ALWAYS_SEARCH_USER_PATHS = YES;
				ARCHS = "$(ARCHS_STANDARD_64_BIT)";
				CLANG_CXX_LANGUAGE_STANDARD = "c++0x";
				CLANG_CXX_LIBRARY = "libc++";
				GCC_DYNAMIC_NO_PIC = NO;
				GCC_INLINES_ARE_PRIVATE_EXTERN = NO;
				GCC_PRECOMPILE_PREFIX_HEADER = YES;
				GCC_PREFIX_HEADER = mac/Prefix.pch;
				GCC_PREPROCESSOR_DEFINITIONS = (
					USE_FILE32API,
					CC_TARGET_OS_MAC,
					"COCOS2D_DEBUG=1",
					"CC_ENABLE_CHIPMUNK_INTEGRATION=1",
				);
				GCC_SYMBOLS_PRIVATE_EXTERN = NO;
				HEADER_SEARCH_PATHS = (
					"$(inherited)",
					"$(SRCROOT)/../cocos2d/cocos/platform/mac",
					"$(SRCROOT)/../cocos2d/cocos/scripting/lua-bindings/manual",
					"$(SRCROOT)/../cocos2d/external/glfw3/include/mac",
					"$(SRCROOT)/../cocos2d/external/lua/luajit/include",
					"$(SRCROOT)/../cocos2d/external/lua/tolua",
				);
				INFOPLIST_FILE = mac/Info.plist;
				LIBRARY_SEARCH_PATHS = "";
				OTHER_LDFLAGS = (
					"$(_COCOS_LIB_MAC_BEGIN)",
					"$(_COCOS_LIB_MAC_END)",
					"-pagezero_size",
					10000,
					"-image_base",
					100000000,
				);
				USER_HEADER_SEARCH_PATHS = "$(_COCOS_HEADER_MAC_BEGIN) $(_COCOS_HEADER_MAC_END)";
			};
			name = Debug;
		};
		5087E76E17EB910900C73F5D /* Release */ = {
			isa = XCBuildConfiguration;
			buildSettings = {
				ALWAYS_SEARCH_USER_PATHS = YES;
				ARCHS = "$(ARCHS_STANDARD_64_BIT)";
				CLANG_CXX_LANGUAGE_STANDARD = "c++0x";
				CLANG_CXX_LIBRARY = "libc++";
				GCC_INLINES_ARE_PRIVATE_EXTERN = NO;
				GCC_PRECOMPILE_PREFIX_HEADER = YES;
				GCC_PREFIX_HEADER = mac/Prefix.pch;
				GCC_PREPROCESSOR_DEFINITIONS = (
					USE_FILE32API,
					CC_TARGET_OS_MAC,
					"CC_ENABLE_CHIPMUNK_INTEGRATION=1",
				);
				GCC_SYMBOLS_PRIVATE_EXTERN = NO;
				HEADER_SEARCH_PATHS = (
					"$(inherited)",
					"$(SRCROOT)/../cocos2d/cocos/platform/mac",
					"$(SRCROOT)/../cocos2d/cocos/scripting/lua-bindings/manual",
					"$(SRCROOT)/../cocos2d/external/glfw3/include/mac",
					"$(SRCROOT)/../cocos2d/external/lua/luajit/include",
					"$(SRCROOT)/../cocos2d/external/lua/tolua",
				);
				INFOPLIST_FILE = mac/Info.plist;
				LIBRARY_SEARCH_PATHS = "";
				OTHER_LDFLAGS = (
					"$(_COCOS_LIB_MAC_BEGIN)",
					"$(_COCOS_LIB_MAC_END)",
					"-pagezero_size",
					10000,
					"-image_base",
					100000000,
				);
				USER_HEADER_SEARCH_PATHS = "$(_COCOS_HEADER_MAC_BEGIN) $(_COCOS_HEADER_MAC_END)";
			};
			name = Release;
		};
		C01FCF4F08A954540054247B /* Debug */ = {
			isa = XCBuildConfiguration;
			buildSettings = {
				CLANG_CXX_LANGUAGE_STANDARD = "c++0x";
				CLANG_CXX_LIBRARY = "libc++";
				COPY_PHASE_STRIP = NO;
				GCC_OPTIMIZATION_LEVEL = 0;
				GCC_WARN_ABOUT_RETURN_TYPE = YES;
				GCC_WARN_UNUSED_VARIABLE = YES;
				HEADER_SEARCH_PATHS = (
					"$(SRCROOT)/../cocos2d",
					"$(SRCROOT)/../cocos2d/cocos",
					"$(SRCROOT)/../cocos2d/cocos/base",
					"$(SRCROOT)/../cocos2d/cocos/physics",
					"$(SRCROOT)/../cocos2d/cocos/math",
					"$(SRCROOT)/../cocos2d/cocos/2d",
					"$(SRCROOT)/../cocos2d/cocos/ui",
					"$(SRCROOT)/../cocos2d/cocos/network",
					"$(SRCROOT)/../cocos2d/cocos/audio/include",
					"$(SRCROOT)/../cocos2d/cocos/editor-support",
					"$(SRCROOT)/../cocos2d/extensions",
					"$(SRCROOT)/../cocos2d/external",
					"$(SRCROOT)/../cocos2d/external/chipmunk/include/chipmunk",
				);
				MACOSX_DEPLOYMENT_TARGET = 10.7;
				ONLY_ACTIVE_ARCH = YES;
				PRODUCT_NAME = "$(TARGET_NAME)";
				SDKROOT = macosx;
			};
			name = Debug;
		};
		C01FCF5008A954540054247B /* Release */ = {
			isa = XCBuildConfiguration;
			buildSettings = {
				CLANG_CXX_LANGUAGE_STANDARD = "c++0x";
				CLANG_CXX_LIBRARY = "libc++";
				GCC_WARN_ABOUT_RETURN_TYPE = YES;
				GCC_WARN_UNUSED_VARIABLE = YES;
				HEADER_SEARCH_PATHS = (
					"$(SRCROOT)/../cocos2d",
					"$(SRCROOT)/../cocos2d/cocos",
					"$(SRCROOT)/../cocos2d/cocos/base",
					"$(SRCROOT)/../cocos2d/cocos/physics",
					"$(SRCROOT)/../cocos2d/cocos/math",
					"$(SRCROOT)/../cocos2d/cocos/2d",
					"$(SRCROOT)/../cocos2d/cocos/ui",
					"$(SRCROOT)/../cocos2d/cocos/network",
					"$(SRCROOT)/../cocos2d/cocos/audio/include",
					"$(SRCROOT)/../cocos2d/cocos/editor-support",
					"$(SRCROOT)/../cocos2d/extensions",
					"$(SRCROOT)/../cocos2d/external",
					"$(SRCROOT)/../cocos2d/external/chipmunk/include/chipmunk",
				);
				MACOSX_DEPLOYMENT_TARGET = 10.7;
				OTHER_CFLAGS = "-DNS_BLOCK_ASSERTIONS=1";
				PRODUCT_NAME = "$(TARGET_NAME)";
				SDKROOT = macosx;
				VALIDATE_PRODUCT = YES;
			};
			name = Release;
		};
/* End XCBuildConfiguration section */

/* Begin XCConfigurationList section */
		1D6058960D05DD3E006BFB54 /* Build configuration list for PBXNativeTarget "SlashingTrough iOS" */ = {
			isa = XCConfigurationList;
			buildConfigurations = (
				1D6058940D05DD3E006BFB54 /* Debug */,
				1D6058950D05DD3E006BFB54 /* Release */,
			);
			defaultConfigurationIsVisible = 0;
			defaultConfigurationName = Debug;
		};
		5087E76C17EB910900C73F5D /* Build configuration list for PBXNativeTarget "SlashingTrough Mac" */ = {
			isa = XCConfigurationList;
			buildConfigurations = (
				5087E76D17EB910900C73F5D /* Debug */,
				5087E76E17EB910900C73F5D /* Release */,
			);
			defaultConfigurationIsVisible = 0;
			defaultConfigurationName = Debug;
		};
		C01FCF4E08A954540054247B /* Build configuration list for PBXProject "SlashingTrough" */ = {
			isa = XCConfigurationList;
			buildConfigurations = (
				C01FCF4F08A954540054247B /* Debug */,
				C01FCF5008A954540054247B /* Release */,
			);
			defaultConfigurationIsVisible = 0;
			defaultConfigurationName = Debug;
		};
/* End XCConfigurationList section */
	};
	rootObject = 29B97313FDCFA39411CA2CEA /* Project object */;
}
